// !$*UTF8*$!
{
	archiveVersion = 1;
	classes = {
	};
	objectVersion = 46;
	objects = {

/* Begin PBXBuildFile section */
		1967C85D19D431B9001E6656 /* JMFNetRequest.m in Sources */ = {isa = PBXBuildFile; fileRef = 1967C83B19D431B9001E6656 /* JMFNetRequest.m */; };
		1967C85E19D431B9001E6656 /* JMFNetResponse.m in Sources */ = {isa = PBXBuildFile; fileRef = 1967C83D19D431B9001E6656 /* JMFNetResponse.m */; };
		1967C85F19D431B9001E6656 /* JMFNetworkManager.m in Sources */ = {isa = PBXBuildFile; fileRef = 1967C83F19D431B9001E6656 /* JMFNetworkManager.m */; };
		1967C86019D431B9001E6656 /* JMFNSNetOperation.m in Sources */ = {isa = PBXBuildFile; fileRef = 1967C84119D431B9001E6656 /* JMFNSNetOperation.m */; };
		1967C86119D431B9001E6656 /* DebugLoggingModule.m in Sources */ = {isa = PBXBuildFile; fileRef = 1967C84419D431B9001E6656 /* DebugLoggingModule.m */; };
		1967C86219D431B9001E6656 /* JMFIdentity.m in Sources */ = {isa = PBXBuildFile; fileRef = 1967C84719D431B9001E6656 /* JMFIdentity.m */; };
		1967C86319D431B9001E6656 /* JMFKeychainUtils.m in Sources */ = {isa = PBXBuildFile; fileRef = 1967C84919D431B9001E6656 /* JMFKeychainUtils.m */; };
		1967C86419D431B9001E6656 /* JMFLoadingOverlay.m in Sources */ = {isa = PBXBuildFile; fileRef = 1967C84B19D431B9001E6656 /* JMFLoadingOverlay.m */; };
		1967C86519D431B9001E6656 /* JMFModule.m in Sources */ = {isa = PBXBuildFile; fileRef = 1967C84D19D431B9001E6656 /* JMFModule.m */; };
		1967C86619D431B9001E6656 /* jMFModuleManager.m in Sources */ = {isa = PBXBuildFile; fileRef = 1967C84F19D431B9001E6656 /* jMFModuleManager.m */; };
		1967C86719D431B9001E6656 /* JMFUtilities.m in Sources */ = {isa = PBXBuildFile; fileRef = 1967C85219D431B9001E6656 /* JMFUtilities.m */; };
		1967C86819D431B9001E6656 /* JMFXMLNode.m in Sources */ = {isa = PBXBuildFile; fileRef = 1967C85419D431B9001E6656 /* JMFXMLNode.m */; };
		1967C86919D431B9001E6656 /* NSData+JMFExtensions.m in Sources */ = {isa = PBXBuildFile; fileRef = 1967C85619D431B9001E6656 /* NSData+JMFExtensions.m */; };
		1967C86A19D431B9001E6656 /* NSDictionary+JMFExtensions.m in Sources */ = {isa = PBXBuildFile; fileRef = 1967C85819D431B9001E6656 /* NSDictionary+JMFExtensions.m */; };
		1967C86B19D431B9001E6656 /* NSString+JMFExtensions.m in Sources */ = {isa = PBXBuildFile; fileRef = 1967C85A19D431B9001E6656 /* NSString+JMFExtensions.m */; };
		1967C86C19D431B9001E6656 /* NSURL+JMFExtensions.m in Sources */ = {isa = PBXBuildFile; fileRef = 1967C85C19D431B9001E6656 /* NSURL+JMFExtensions.m */; };
		1967C87919D43203001E6656 /* SPMobileAPIAdapter.m in Sources */ = {isa = PBXBuildFile; fileRef = 1967C86F19D43203001E6656 /* SPMobileAPIAdapter.m */; };
		1967C87A19D43203001E6656 /* SPMobileAPIBaseLoggedRequest.m in Sources */ = {isa = PBXBuildFile; fileRef = 1967C87219D43203001E6656 /* SPMobileAPIBaseLoggedRequest.m */; };
		1967C87B19D43203001E6656 /* SPMobileAPIBaseNetRequest.m in Sources */ = {isa = PBXBuildFile; fileRef = 1967C87419D43203001E6656 /* SPMobileAPIBaseNetRequest.m */; };
		1967C87C19D43203001E6656 /* SPMobileAPIBaseRequest.m in Sources */ = {isa = PBXBuildFile; fileRef = 1967C87619D43203001E6656 /* SPMobileAPIBaseRequest.m */; };
		1967C87D19D43203001E6656 /* SPMobileAPIBaseResponse.m in Sources */ = {isa = PBXBuildFile; fileRef = 1967C87819D43203001E6656 /* SPMobileAPIBaseResponse.m */; };
		1967C88119D43252001E6656 /* SPAuthenticationManager.m in Sources */ = {isa = PBXBuildFile; fileRef = 1967C88019D43252001E6656 /* SPAuthenticationManager.m */; };
		1967C88419D43294001E6656 /* SPUtility.m in Sources */ = {isa = PBXBuildFile; fileRef = 1967C88319D43294001E6656 /* SPUtility.m */; };
		1967C88819D4337E001E6656 /* libxml2.dylib in Frameworks */ = {isa = PBXBuildFile; fileRef = 1967C88719D4337E001E6656 /* libxml2.dylib */; };
		1967C88B19D433B2001E6656 /* libxml2.2.dylib in Frameworks */ = {isa = PBXBuildFile; fileRef = 1967C88519D43333001E6656 /* libxml2.2.dylib */; };
		1967C88E19D43448001E6656 /* SPError.m in Sources */ = {isa = PBXBuildFile; fileRef = 1967C88D19D43448001E6656 /* SPError.m */; };
		1967C89219D434E2001E6656 /* SPAlertManager.m in Sources */ = {isa = PBXBuildFile; fileRef = 1967C89119D434E2001E6656 /* SPAlertManager.m */; };
		1967C89519D43532001E6656 /* SPLocalizationManager.m in Sources */ = {isa = PBXBuildFile; fileRef = 1967C89419D43532001E6656 /* SPLocalizationManager.m */; };
		1967C89C19D4360C001E6656 /* SPConfirmationDialog.m in Sources */ = {isa = PBXBuildFile; fileRef = 1967C89A19D4360C001E6656 /* SPConfirmationDialog.m */; };
		1967C89D19D4360C001E6656 /* SPConfirmationDialog.xib in Resources */ = {isa = PBXBuildFile; fileRef = 1967C89B19D4360C001E6656 /* SPConfirmationDialog.xib */; };
		1967C8A119D43677001E6656 /* UIView+CustomNib.m in Sources */ = {isa = PBXBuildFile; fileRef = 1967C8A019D43677001E6656 /* UIView+CustomNib.m */; };
		1967C8A419D4368F001E6656 /* UIView+Shadow.m in Sources */ = {isa = PBXBuildFile; fileRef = 1967C8A319D4368F001E6656 /* UIView+Shadow.m */; };
		1967C8A719D436AB001E6656 /* UIColor+SPAdditions.m in Sources */ = {isa = PBXBuildFile; fileRef = 1967C8A619D436AB001E6656 /* UIColor+SPAdditions.m */; };
		1967C8AA19D43700001E6656 /* UIFont+SPAdditions.m in Sources */ = {isa = PBXBuildFile; fileRef = 1967C8A919D43700001E6656 /* UIFont+SPAdditions.m */; };
		1967C8AD19D4372C001E6656 /* UIButton+SPAdditions.m in Sources */ = {isa = PBXBuildFile; fileRef = 1967C8AC19D4372C001E6656 /* UIButton+SPAdditions.m */; };
		1967C8B119D43875001E6656 /* UIView+FrameTransform.m in Sources */ = {isa = PBXBuildFile; fileRef = 1967C8B019D43875001E6656 /* UIView+FrameTransform.m */; };
		1967C8B519D438C5001E6656 /* Reachability.m in Sources */ = {isa = PBXBuildFile; fileRef = 1967C8B419D438C5001E6656 /* Reachability.m */; };
		1967C8B819D43967001E6656 /* UIView+GestureRecognizers.m in Sources */ = {isa = PBXBuildFile; fileRef = 1967C8B719D43967001E6656 /* UIView+GestureRecognizers.m */; };
		1967C8BA19D43C1D001E6656 /* libz.1.2.5.dylib in Frameworks */ = {isa = PBXBuildFile; fileRef = 1967C8B919D43C1D001E6656 /* libz.1.2.5.dylib */; };
		1967C8BD19D440CA001E6656 /* SPSendFormRequest.m in Sources */ = {isa = PBXBuildFile; fileRef = 1967C8BC19D440CA001E6656 /* SPSendFormRequest.m */; };
		1967C8C019D44317001E6656 /* SPConfiguration.m in Sources */ = {isa = PBXBuildFile; fileRef = 1967C8BF19D44317001E6656 /* SPConfiguration.m */; };
		1967C8CB19D4463F001E6656 /* NSObject+setValuesForKeysWithJSONDictionary.m in Sources */ = {isa = PBXBuildFile; fileRef = 1967C8CA19D4463F001E6656 /* NSObject+setValuesForKeysWithJSONDictionary.m */; };
		1967C8D019D44EA8001E6656 /* OpenUDID.m in Sources */ = {isa = PBXBuildFile; fileRef = 1967C8CE19D44EA8001E6656 /* OpenUDID.m */; settings = {COMPILER_FLAGS = "-fno-objc-arc"; }; };
		1967C8D119D44EA8001E6656 /* README.md in Sources */ = {isa = PBXBuildFile; fileRef = 1967C8CF19D44EA8001E6656 /* README.md */; };
		1967C8D919D462DA001E6656 /* configuration-dev.json in Resources */ = {isa = PBXBuildFile; fileRef = 1967C8D519D462DA001E6656 /* configuration-dev.json */; };
		1967C8DA19D462DA001E6656 /* configuration-dist.json in Resources */ = {isa = PBXBuildFile; fileRef = 1967C8D619D462DA001E6656 /* configuration-dist.json */; };
		1967C8DB19D462DA001E6656 /* configuration-rel.json in Resources */ = {isa = PBXBuildFile; fileRef = 1967C8D719D462DA001E6656 /* configuration-rel.json */; };
		1967C8DC19D462DA001E6656 /* configuration-test.json in Resources */ = {isa = PBXBuildFile; fileRef = 1967C8D819D462DA001E6656 /* configuration-test.json */; };
		1967C8E119D4630A001E6656 /* SPLocalizable-de_DE.plist in Resources */ = {isa = PBXBuildFile; fileRef = 1967C8DE19D4630A001E6656 /* SPLocalizable-de_DE.plist */; };
		1967C8E219D4630A001E6656 /* SPLocalizable-en_US.plist in Resources */ = {isa = PBXBuildFile; fileRef = 1967C8DF19D4630A001E6656 /* SPLocalizable-en_US.plist */; };
		1967C8E319D4630A001E6656 /* SPLocalizable-tr_TR.plist in Resources */ = {isa = PBXBuildFile; fileRef = 1967C8E019D4630A001E6656 /* SPLocalizable-tr_TR.plist */; };
		1967C8E619D46857001E6656 /* NSDictionary+SPSortAddition.m in Sources */ = {isa = PBXBuildFile; fileRef = 1967C8E519D46857001E6656 /* NSDictionary+SPSortAddition.m */; };
		1967C8E919D57D40001E6656 /* NSString+Hashes.m in Sources */ = {isa = PBXBuildFile; fileRef = 1967C8E819D57D40001E6656 /* NSString+Hashes.m */; };
		1967C8F119D59228001E6656 /* SPOfferResponse.m in Sources */ = {isa = PBXBuildFile; fileRef = 1967C8F019D59228001E6656 /* SPOfferResponse.m */; };
		1967C8F419D5942B001E6656 /* SPOfferInformation.m in Sources */ = {isa = PBXBuildFile; fileRef = 1967C8F319D5942B001E6656 /* SPOfferInformation.m */; };
		1967C8FB19D594CA001E6656 /* SPOfferThumbnail.m in Sources */ = {isa = PBXBuildFile; fileRef = 1967C8F619D594CA001E6656 /* SPOfferThumbnail.m */; };
		1967C8FC19D594CA001E6656 /* SPOfferTimeToPayout.m in Sources */ = {isa = PBXBuildFile; fileRef = 1967C8F819D594CA001E6656 /* SPOfferTimeToPayout.m */; };
		1967C8FD19D594CA001E6656 /* SPOfferType.m in Sources */ = {isa = PBXBuildFile; fileRef = 1967C8FA19D594CA001E6656 /* SPOfferType.m */; };
		1967C8FF19D59CB8001E6656 /* SPOffer.m in Sources */ = {isa = PBXBuildFile; fileRef = 1967C8FE19D59CB8001E6656 /* SPOffer.m */; };
		1967C90219D5A393001E6656 /* SPOfferCell.m in Sources */ = {isa = PBXBuildFile; fileRef = 1967C90119D5A393001E6656 /* SPOfferCell.m */; };
		1967C90519D5AB4A001E6656 /* SPOfferListViewController.m in Sources */ = {isa = PBXBuildFile; fileRef = 1967C90419D5AB4A001E6656 /* SPOfferListViewController.m */; };
		1967C92819D5B9D1001E6656 /* SPOfferCell.xib in Resources */ = {isa = PBXBuildFile; fileRef = 1967C92719D5B9D1001E6656 /* SPOfferCell.xib */; };
		1967C94B19D5BB36001E6656 /* MKAnnotationView+WebCache.m in Sources */ = {isa = PBXBuildFile; fileRef = 1967C92B19D5BB36001E6656 /* MKAnnotationView+WebCache.m */; };
		1967C94C19D5BB36001E6656 /* NSData+ImageContentType.m in Sources */ = {isa = PBXBuildFile; fileRef = 1967C92D19D5BB36001E6656 /* NSData+ImageContentType.m */; };
		1967C94D19D5BB36001E6656 /* SDImageCache.m in Sources */ = {isa = PBXBuildFile; fileRef = 1967C92F19D5BB36001E6656 /* SDImageCache.m */; };
		1967C94E19D5BB36001E6656 /* SDWebImageCompat.m in Sources */ = {isa = PBXBuildFile; fileRef = 1967C93119D5BB36001E6656 /* SDWebImageCompat.m */; };
		1967C94F19D5BB36001E6656 /* SDWebImageDecoder.m in Sources */ = {isa = PBXBuildFile; fileRef = 1967C93319D5BB36001E6656 /* SDWebImageDecoder.m */; };
		1967C95019D5BB36001E6656 /* SDWebImageDownloader.m in Sources */ = {isa = PBXBuildFile; fileRef = 1967C93519D5BB36001E6656 /* SDWebImageDownloader.m */; };
		1967C95119D5BB36001E6656 /* SDWebImageDownloaderOperation.m in Sources */ = {isa = PBXBuildFile; fileRef = 1967C93719D5BB36001E6656 /* SDWebImageDownloaderOperation.m */; };
		1967C95219D5BB36001E6656 /* SDWebImageManager.m in Sources */ = {isa = PBXBuildFile; fileRef = 1967C93919D5BB36001E6656 /* SDWebImageManager.m */; };
		1967C95319D5BB36001E6656 /* SDWebImagePrefetcher.m in Sources */ = {isa = PBXBuildFile; fileRef = 1967C93C19D5BB36001E6656 /* SDWebImagePrefetcher.m */; };
		1967C95419D5BB36001E6656 /* UIButton+WebCache.m in Sources */ = {isa = PBXBuildFile; fileRef = 1967C93E19D5BB36001E6656 /* UIButton+WebCache.m */; };
		1967C95519D5BB36001E6656 /* UIImage+GIF.m in Sources */ = {isa = PBXBuildFile; fileRef = 1967C94019D5BB36001E6656 /* UIImage+GIF.m */; };
		1967C95619D5BB36001E6656 /* UIImage+MultiFormat.m in Sources */ = {isa = PBXBuildFile; fileRef = 1967C94219D5BB36001E6656 /* UIImage+MultiFormat.m */; };
		1967C95719D5BB36001E6656 /* UIImage+WebP.m in Sources */ = {isa = PBXBuildFile; fileRef = 1967C94419D5BB36001E6656 /* UIImage+WebP.m */; };
		1967C95819D5BB36001E6656 /* UIImageView+HighlightedWebCache.m in Sources */ = {isa = PBXBuildFile; fileRef = 1967C94619D5BB36001E6656 /* UIImageView+HighlightedWebCache.m */; };
		1967C95919D5BB36001E6656 /* UIImageView+WebCache.m in Sources */ = {isa = PBXBuildFile; fileRef = 1967C94819D5BB36001E6656 /* UIImageView+WebCache.m */; };
		1967C95A19D5BB36001E6656 /* UIView+WebCacheOperation.m in Sources */ = {isa = PBXBuildFile; fileRef = 1967C94A19D5BB36001E6656 /* UIView+WebCacheOperation.m */; };
		1967C95F19D5E181001E6656 /* SPLoadingView.m in Sources */ = {isa = PBXBuildFile; fileRef = 1967C95D19D5E181001E6656 /* SPLoadingView.m */; };
		1967C96019D5E181001E6656 /* SPLoadingView.xib in Resources */ = {isa = PBXBuildFile; fileRef = 1967C95E19D5E181001E6656 /* SPLoadingView.xib */; };
		1967C96819D5E49C001E6656 /* dot.png in Resources */ = {isa = PBXBuildFile; fileRef = 1967C96319D5E49C001E6656 /* dot.png */; };
		1967C96919D5E49C001E6656 /* dot@2x.png in Resources */ = {isa = PBXBuildFile; fileRef = 1967C96519D5E49C001E6656 /* dot@2x.png */; };
		1967C96A19D5E49C001E6656 /* dot@3x.png in Resources */ = {isa = PBXBuildFile; fileRef = 1967C96719D5E49C001E6656 /* dot@3x.png */; };
		1991A9C519D40B64002C648A /* main.m in Sources */ = {isa = PBXBuildFile; fileRef = 1991A9C419D40B64002C648A /* main.m */; };
		1991A9C819D40B64002C648A /* AppDelegate.m in Sources */ = {isa = PBXBuildFile; fileRef = 1991A9C719D40B64002C648A /* AppDelegate.m */; };
		1991A9CB19D40B64002C648A /* SPFormViewController.m in Sources */ = {isa = PBXBuildFile; fileRef = 1991A9CA19D40B64002C648A /* SPFormViewController.m */; };
		1991A9CE19D40B64002C648A /* Main.storyboard in Resources */ = {isa = PBXBuildFile; fileRef = 1991A9CC19D40B64002C648A /* Main.storyboard */; };
		1991A9D019D40B64002C648A /* Images.xcassets in Resources */ = {isa = PBXBuildFile; fileRef = 1991A9CF19D40B64002C648A /* Images.xcassets */; };
		1991A9D319D40B64002C648A /* LaunchScreen.xib in Resources */ = {isa = PBXBuildFile; fileRef = 1991A9D119D40B64002C648A /* LaunchScreen.xib */; };
		1991A9DF19D40B65002C648A /* SPOffersTests.m in Sources */ = {isa = PBXBuildFile; fileRef = 1991A9DE19D40B65002C648A /* SPOffersTests.m */; };
		1991AAB019D40C4C002C648A /* CoreGraphics.framework in Frameworks */ = {isa = PBXBuildFile; fileRef = 1991AAAF19D40C4C002C648A /* CoreGraphics.framework */; };
		1991AAB219D40C54002C648A /* QuartzCore.framework in Frameworks */ = {isa = PBXBuildFile; fileRef = 1991AAB119D40C54002C648A /* QuartzCore.framework */; };
		1991AAB419D40C5E002C648A /* MediaPlayer.framework in Frameworks */ = {isa = PBXBuildFile; fileRef = 1991AAB319D40C5D002C648A /* MediaPlayer.framework */; };
		1991AAB619D40C68002C648A /* SystemConfiguration.framework in Frameworks */ = {isa = PBXBuildFile; fileRef = 1991AAB519D40C68002C648A /* SystemConfiguration.framework */; };
		1991AAB819D40C6F002C648A /* CoreTelephony.framework in Frameworks */ = {isa = PBXBuildFile; fileRef = 1991AAB719D40C6F002C648A /* CoreTelephony.framework */; };
		1991AABA19D40C78002C648A /* StoreKit.framework in Frameworks */ = {isa = PBXBuildFile; fileRef = 1991AAB919D40C78002C648A /* StoreKit.framework */; };
		1991AABC19D40C83002C648A /* AdSupport.framework in Frameworks */ = {isa = PBXBuildFile; fileRef = 1991AABB19D40C83002C648A /* AdSupport.framework */; };
/* End PBXBuildFile section */

/* Begin PBXContainerItemProxy section */
		1991A9D919D40B65002C648A /* PBXContainerItemProxy */ = {
			isa = PBXContainerItemProxy;
			containerPortal = 1991A9B719D40B64002C648A /* Project object */;
			proxyType = 1;
			remoteGlobalIDString = 1991A9BE19D40B64002C648A;
			remoteInfo = SPOffers;
		};
/* End PBXContainerItemProxy section */

/* Begin PBXFileReference section */
		1967C83A19D431B9001E6656 /* JMFNetRequest.h */ = {isa = PBXFileReference; fileEncoding = 4; lastKnownFileType = sourcecode.c.h; path = JMFNetRequest.h; sourceTree = "<group>"; };
		1967C83B19D431B9001E6656 /* JMFNetRequest.m */ = {isa = PBXFileReference; fileEncoding = 4; lastKnownFileType = sourcecode.c.objc; path = JMFNetRequest.m; sourceTree = "<group>"; };
		1967C83C19D431B9001E6656 /* JMFNetResponse.h */ = {isa = PBXFileReference; fileEncoding = 4; lastKnownFileType = sourcecode.c.h; path = JMFNetResponse.h; sourceTree = "<group>"; };
		1967C83D19D431B9001E6656 /* JMFNetResponse.m */ = {isa = PBXFileReference; fileEncoding = 4; lastKnownFileType = sourcecode.c.objc; path = JMFNetResponse.m; sourceTree = "<group>"; };
		1967C83E19D431B9001E6656 /* JMFNetworkManager.h */ = {isa = PBXFileReference; fileEncoding = 4; lastKnownFileType = sourcecode.c.h; path = JMFNetworkManager.h; sourceTree = "<group>"; };
		1967C83F19D431B9001E6656 /* JMFNetworkManager.m */ = {isa = PBXFileReference; fileEncoding = 4; lastKnownFileType = sourcecode.c.objc; path = JMFNetworkManager.m; sourceTree = "<group>"; };
		1967C84019D431B9001E6656 /* JMFNSNetOperation.h */ = {isa = PBXFileReference; fileEncoding = 4; lastKnownFileType = sourcecode.c.h; path = JMFNSNetOperation.h; sourceTree = "<group>"; };
		1967C84119D431B9001E6656 /* JMFNSNetOperation.m */ = {isa = PBXFileReference; fileEncoding = 4; lastKnownFileType = sourcecode.c.objc; path = JMFNSNetOperation.m; sourceTree = "<group>"; };
		1967C84319D431B9001E6656 /* DebugLoggingModule.h */ = {isa = PBXFileReference; fileEncoding = 4; lastKnownFileType = sourcecode.c.h; path = DebugLoggingModule.h; sourceTree = "<group>"; };
		1967C84419D431B9001E6656 /* DebugLoggingModule.m */ = {isa = PBXFileReference; fileEncoding = 4; lastKnownFileType = sourcecode.c.objc; path = DebugLoggingModule.m; sourceTree = "<group>"; };
		1967C84519D431B9001E6656 /* JMFDebugLoggingProtocol.h */ = {isa = PBXFileReference; fileEncoding = 4; lastKnownFileType = sourcecode.c.h; path = JMFDebugLoggingProtocol.h; sourceTree = "<group>"; };
		1967C84619D431B9001E6656 /* JMFIdentity.h */ = {isa = PBXFileReference; fileEncoding = 4; lastKnownFileType = sourcecode.c.h; path = JMFIdentity.h; sourceTree = "<group>"; };
		1967C84719D431B9001E6656 /* JMFIdentity.m */ = {isa = PBXFileReference; fileEncoding = 4; lastKnownFileType = sourcecode.c.objc; path = JMFIdentity.m; sourceTree = "<group>"; };
		1967C84819D431B9001E6656 /* jMFKeychainUtils.h */ = {isa = PBXFileReference; fileEncoding = 4; lastKnownFileType = sourcecode.c.h; path = jMFKeychainUtils.h; sourceTree = "<group>"; };
		1967C84919D431B9001E6656 /* JMFKeychainUtils.m */ = {isa = PBXFileReference; fileEncoding = 4; lastKnownFileType = sourcecode.c.objc; path = JMFKeychainUtils.m; sourceTree = "<group>"; };
		1967C84A19D431B9001E6656 /* JMFLoadingOverlay.h */ = {isa = PBXFileReference; fileEncoding = 4; lastKnownFileType = sourcecode.c.h; path = JMFLoadingOverlay.h; sourceTree = "<group>"; };
		1967C84B19D431B9001E6656 /* JMFLoadingOverlay.m */ = {isa = PBXFileReference; fileEncoding = 4; lastKnownFileType = sourcecode.c.objc; path = JMFLoadingOverlay.m; sourceTree = "<group>"; };
		1967C84C19D431B9001E6656 /* JMFModule.h */ = {isa = PBXFileReference; fileEncoding = 4; lastKnownFileType = sourcecode.c.h; path = JMFModule.h; sourceTree = "<group>"; };
		1967C84D19D431B9001E6656 /* JMFModule.m */ = {isa = PBXFileReference; fileEncoding = 4; lastKnownFileType = sourcecode.c.objc; path = JMFModule.m; sourceTree = "<group>"; };
		1967C84E19D431B9001E6656 /* JMFModuleManager.h */ = {isa = PBXFileReference; fileEncoding = 4; lastKnownFileType = sourcecode.c.h; path = JMFModuleManager.h; sourceTree = "<group>"; };
		1967C84F19D431B9001E6656 /* jMFModuleManager.m */ = {isa = PBXFileReference; fileEncoding = 4; lastKnownFileType = sourcecode.c.objc; path = jMFModuleManager.m; sourceTree = "<group>"; };
		1967C85019D431B9001E6656 /* JMFTrackingProtocol.h */ = {isa = PBXFileReference; fileEncoding = 4; lastKnownFileType = sourcecode.c.h; path = JMFTrackingProtocol.h; sourceTree = "<group>"; };
		1967C85119D431B9001E6656 /* JMFUtilities.h */ = {isa = PBXFileReference; fileEncoding = 4; lastKnownFileType = sourcecode.c.h; path = JMFUtilities.h; sourceTree = "<group>"; };
		1967C85219D431B9001E6656 /* JMFUtilities.m */ = {isa = PBXFileReference; fileEncoding = 4; lastKnownFileType = sourcecode.c.objc; path = JMFUtilities.m; sourceTree = "<group>"; };
		1967C85319D431B9001E6656 /* JMFXMLNode.h */ = {isa = PBXFileReference; fileEncoding = 4; lastKnownFileType = sourcecode.c.h; path = JMFXMLNode.h; sourceTree = "<group>"; };
		1967C85419D431B9001E6656 /* JMFXMLNode.m */ = {isa = PBXFileReference; fileEncoding = 4; lastKnownFileType = sourcecode.c.objc; path = JMFXMLNode.m; sourceTree = "<group>"; };
		1967C85519D431B9001E6656 /* NSData+JMFExtensions.h */ = {isa = PBXFileReference; fileEncoding = 4; lastKnownFileType = sourcecode.c.h; path = "NSData+JMFExtensions.h"; sourceTree = "<group>"; };
		1967C85619D431B9001E6656 /* NSData+JMFExtensions.m */ = {isa = PBXFileReference; fileEncoding = 4; lastKnownFileType = sourcecode.c.objc; path = "NSData+JMFExtensions.m"; sourceTree = "<group>"; };
		1967C85719D431B9001E6656 /* NSDictionary+JMFExtensions.h */ = {isa = PBXFileReference; fileEncoding = 4; lastKnownFileType = sourcecode.c.h; path = "NSDictionary+JMFExtensions.h"; sourceTree = "<group>"; };
		1967C85819D431B9001E6656 /* NSDictionary+JMFExtensions.m */ = {isa = PBXFileReference; fileEncoding = 4; lastKnownFileType = sourcecode.c.objc; path = "NSDictionary+JMFExtensions.m"; sourceTree = "<group>"; };
		1967C85919D431B9001E6656 /* NSString+JMFExtensions.h */ = {isa = PBXFileReference; fileEncoding = 4; lastKnownFileType = sourcecode.c.h; path = "NSString+JMFExtensions.h"; sourceTree = "<group>"; };
		1967C85A19D431B9001E6656 /* NSString+JMFExtensions.m */ = {isa = PBXFileReference; fileEncoding = 4; lastKnownFileType = sourcecode.c.objc; path = "NSString+JMFExtensions.m"; sourceTree = "<group>"; };
		1967C85B19D431B9001E6656 /* NSURL+JMFExtensions.h */ = {isa = PBXFileReference; fileEncoding = 4; lastKnownFileType = sourcecode.c.h; path = "NSURL+JMFExtensions.h"; sourceTree = "<group>"; };
		1967C85C19D431B9001E6656 /* NSURL+JMFExtensions.m */ = {isa = PBXFileReference; fileEncoding = 4; lastKnownFileType = sourcecode.c.objc; path = "NSURL+JMFExtensions.m"; sourceTree = "<group>"; };
		1967C86E19D43203001E6656 /* SPMobileAPIAdapter.h */ = {isa = PBXFileReference; fileEncoding = 4; lastKnownFileType = sourcecode.c.h; path = SPMobileAPIAdapter.h; sourceTree = "<group>"; };
		1967C86F19D43203001E6656 /* SPMobileAPIAdapter.m */ = {isa = PBXFileReference; fileEncoding = 4; lastKnownFileType = sourcecode.c.objc; path = SPMobileAPIAdapter.m; sourceTree = "<group>"; };
		1967C87119D43203001E6656 /* SPMobileAPIBaseLoggedRequest.h */ = {isa = PBXFileReference; fileEncoding = 4; lastKnownFileType = sourcecode.c.h; path = SPMobileAPIBaseLoggedRequest.h; sourceTree = "<group>"; };
		1967C87219D43203001E6656 /* SPMobileAPIBaseLoggedRequest.m */ = {isa = PBXFileReference; fileEncoding = 4; lastKnownFileType = sourcecode.c.objc; path = SPMobileAPIBaseLoggedRequest.m; sourceTree = "<group>"; };
		1967C87319D43203001E6656 /* SPMobileAPIBaseNetRequest.h */ = {isa = PBXFileReference; fileEncoding = 4; lastKnownFileType = sourcecode.c.h; path = SPMobileAPIBaseNetRequest.h; sourceTree = "<group>"; };
		1967C87419D43203001E6656 /* SPMobileAPIBaseNetRequest.m */ = {isa = PBXFileReference; fileEncoding = 4; lastKnownFileType = sourcecode.c.objc; path = SPMobileAPIBaseNetRequest.m; sourceTree = "<group>"; };
		1967C87519D43203001E6656 /* SPMobileAPIBaseRequest.h */ = {isa = PBXFileReference; fileEncoding = 4; lastKnownFileType = sourcecode.c.h; path = SPMobileAPIBaseRequest.h; sourceTree = "<group>"; };
		1967C87619D43203001E6656 /* SPMobileAPIBaseRequest.m */ = {isa = PBXFileReference; fileEncoding = 4; lastKnownFileType = sourcecode.c.objc; path = SPMobileAPIBaseRequest.m; sourceTree = "<group>"; };
		1967C87719D43203001E6656 /* SPMobileAPIBaseResponse.h */ = {isa = PBXFileReference; fileEncoding = 4; lastKnownFileType = sourcecode.c.h; path = SPMobileAPIBaseResponse.h; sourceTree = "<group>"; };
		1967C87819D43203001E6656 /* SPMobileAPIBaseResponse.m */ = {isa = PBXFileReference; fileEncoding = 4; lastKnownFileType = sourcecode.c.objc; path = SPMobileAPIBaseResponse.m; sourceTree = "<group>"; };
		1967C87F19D43252001E6656 /* SPAuthenticationManager.h */ = {isa = PBXFileReference; fileEncoding = 4; lastKnownFileType = sourcecode.c.h; path = SPAuthenticationManager.h; sourceTree = "<group>"; };
		1967C88019D43252001E6656 /* SPAuthenticationManager.m */ = {isa = PBXFileReference; fileEncoding = 4; lastKnownFileType = sourcecode.c.objc; path = SPAuthenticationManager.m; sourceTree = "<group>"; };
		1967C88219D43294001E6656 /* SPUtility.h */ = {isa = PBXFileReference; fileEncoding = 4; lastKnownFileType = sourcecode.c.h; path = SPUtility.h; sourceTree = "<group>"; };
		1967C88319D43294001E6656 /* SPUtility.m */ = {isa = PBXFileReference; fileEncoding = 4; lastKnownFileType = sourcecode.c.objc; path = SPUtility.m; sourceTree = "<group>"; };
		1967C88519D43333001E6656 /* libxml2.2.dylib */ = {isa = PBXFileReference; lastKnownFileType = "compiled.mach-o.dylib"; name = libxml2.2.dylib; path = usr/lib/libxml2.2.dylib; sourceTree = SDKROOT; };
		1967C88719D4337E001E6656 /* libxml2.dylib */ = {isa = PBXFileReference; lastKnownFileType = "compiled.mach-o.dylib"; name = libxml2.dylib; path = usr/lib/libxml2.dylib; sourceTree = SDKROOT; };
		1967C88C19D43448001E6656 /* SPError.h */ = {isa = PBXFileReference; fileEncoding = 4; lastKnownFileType = sourcecode.c.h; path = SPError.h; sourceTree = "<group>"; };
		1967C88D19D43448001E6656 /* SPError.m */ = {isa = PBXFileReference; fileEncoding = 4; lastKnownFileType = sourcecode.c.objc; path = SPError.m; sourceTree = "<group>"; };
		1967C89019D434E2001E6656 /* SPAlertManager.h */ = {isa = PBXFileReference; fileEncoding = 4; lastKnownFileType = sourcecode.c.h; path = SPAlertManager.h; sourceTree = "<group>"; };
		1967C89119D434E2001E6656 /* SPAlertManager.m */ = {isa = PBXFileReference; fileEncoding = 4; lastKnownFileType = sourcecode.c.objc; path = SPAlertManager.m; sourceTree = "<group>"; };
		1967C89319D43532001E6656 /* SPLocalizationManager.h */ = {isa = PBXFileReference; fileEncoding = 4; lastKnownFileType = sourcecode.c.h; path = SPLocalizationManager.h; sourceTree = "<group>"; };
		1967C89419D43532001E6656 /* SPLocalizationManager.m */ = {isa = PBXFileReference; fileEncoding = 4; lastKnownFileType = sourcecode.c.objc; path = SPLocalizationManager.m; sourceTree = "<group>"; };
		1967C89619D43585001E6656 /* SPPrefixHeader.pch */ = {isa = PBXFileReference; fileEncoding = 4; lastKnownFileType = sourcecode.c.h; path = SPPrefixHeader.pch; sourceTree = "<group>"; };
		1967C89919D4360C001E6656 /* SPConfirmationDialog.h */ = {isa = PBXFileReference; fileEncoding = 4; lastKnownFileType = sourcecode.c.h; path = SPConfirmationDialog.h; sourceTree = "<group>"; };
		1967C89A19D4360C001E6656 /* SPConfirmationDialog.m */ = {isa = PBXFileReference; fileEncoding = 4; lastKnownFileType = sourcecode.c.objc; path = SPConfirmationDialog.m; sourceTree = "<group>"; };
		1967C89B19D4360C001E6656 /* SPConfirmationDialog.xib */ = {isa = PBXFileReference; fileEncoding = 4; lastKnownFileType = file.xib; path = SPConfirmationDialog.xib; sourceTree = "<group>"; };
		1967C89F19D43677001E6656 /* UIView+CustomNib.h */ = {isa = PBXFileReference; fileEncoding = 4; lastKnownFileType = sourcecode.c.h; path = "UIView+CustomNib.h"; sourceTree = "<group>"; };
		1967C8A019D43677001E6656 /* UIView+CustomNib.m */ = {isa = PBXFileReference; fileEncoding = 4; lastKnownFileType = sourcecode.c.objc; path = "UIView+CustomNib.m"; sourceTree = "<group>"; };
		1967C8A219D4368F001E6656 /* UIView+Shadow.h */ = {isa = PBXFileReference; fileEncoding = 4; lastKnownFileType = sourcecode.c.h; path = "UIView+Shadow.h"; sourceTree = "<group>"; };
		1967C8A319D4368F001E6656 /* UIView+Shadow.m */ = {isa = PBXFileReference; fileEncoding = 4; lastKnownFileType = sourcecode.c.objc; path = "UIView+Shadow.m"; sourceTree = "<group>"; };
		1967C8A519D436AB001E6656 /* UIColor+SPAdditions.h */ = {isa = PBXFileReference; fileEncoding = 4; lastKnownFileType = sourcecode.c.h; path = "UIColor+SPAdditions.h"; sourceTree = "<group>"; };
		1967C8A619D436AB001E6656 /* UIColor+SPAdditions.m */ = {isa = PBXFileReference; fileEncoding = 4; lastKnownFileType = sourcecode.c.objc; path = "UIColor+SPAdditions.m"; sourceTree = "<group>"; };
		1967C8A819D43700001E6656 /* UIFont+SPAdditions.h */ = {isa = PBXFileReference; fileEncoding = 4; lastKnownFileType = sourcecode.c.h; path = "UIFont+SPAdditions.h"; sourceTree = "<group>"; };
		1967C8A919D43700001E6656 /* UIFont+SPAdditions.m */ = {isa = PBXFileReference; fileEncoding = 4; lastKnownFileType = sourcecode.c.objc; path = "UIFont+SPAdditions.m"; sourceTree = "<group>"; };
		1967C8AB19D4372C001E6656 /* UIButton+SPAdditions.h */ = {isa = PBXFileReference; fileEncoding = 4; lastKnownFileType = sourcecode.c.h; path = "UIButton+SPAdditions.h"; sourceTree = "<group>"; };
		1967C8AC19D4372C001E6656 /* UIButton+SPAdditions.m */ = {isa = PBXFileReference; fileEncoding = 4; lastKnownFileType = sourcecode.c.objc; path = "UIButton+SPAdditions.m"; sourceTree = "<group>"; };
		1967C8AE19D43759001E6656 /* Constants.h */ = {isa = PBXFileReference; fileEncoding = 4; lastKnownFileType = sourcecode.c.h; path = Constants.h; sourceTree = "<group>"; };
		1967C8AF19D43875001E6656 /* UIView+FrameTransform.h */ = {isa = PBXFileReference; fileEncoding = 4; lastKnownFileType = sourcecode.c.h; path = "UIView+FrameTransform.h"; sourceTree = "<group>"; };
		1967C8B019D43875001E6656 /* UIView+FrameTransform.m */ = {isa = PBXFileReference; fileEncoding = 4; lastKnownFileType = sourcecode.c.objc; path = "UIView+FrameTransform.m"; sourceTree = "<group>"; };
		1967C8B319D438C5001E6656 /* Reachability.h */ = {isa = PBXFileReference; fileEncoding = 4; lastKnownFileType = sourcecode.c.h; path = Reachability.h; sourceTree = "<group>"; };
		1967C8B419D438C5001E6656 /* Reachability.m */ = {isa = PBXFileReference; fileEncoding = 4; lastKnownFileType = sourcecode.c.objc; path = Reachability.m; sourceTree = "<group>"; };
		1967C8B619D43967001E6656 /* UIView+GestureRecognizers.h */ = {isa = PBXFileReference; fileEncoding = 4; lastKnownFileType = sourcecode.c.h; path = "UIView+GestureRecognizers.h"; sourceTree = "<group>"; };
		1967C8B719D43967001E6656 /* UIView+GestureRecognizers.m */ = {isa = PBXFileReference; fileEncoding = 4; lastKnownFileType = sourcecode.c.objc; path = "UIView+GestureRecognizers.m"; sourceTree = "<group>"; };
		1967C8B919D43C1D001E6656 /* libz.1.2.5.dylib */ = {isa = PBXFileReference; lastKnownFileType = "compiled.mach-o.dylib"; name = libz.1.2.5.dylib; path = usr/lib/libz.1.2.5.dylib; sourceTree = SDKROOT; };
		1967C8BB19D440CA001E6656 /* SPSendFormRequest.h */ = {isa = PBXFileReference; fileEncoding = 4; lastKnownFileType = sourcecode.c.h; path = SPSendFormRequest.h; sourceTree = "<group>"; };
		1967C8BC19D440CA001E6656 /* SPSendFormRequest.m */ = {isa = PBXFileReference; fileEncoding = 4; lastKnownFileType = sourcecode.c.objc; path = SPSendFormRequest.m; sourceTree = "<group>"; };
		1967C8BE19D44317001E6656 /* SPConfiguration.h */ = {isa = PBXFileReference; fileEncoding = 4; lastKnownFileType = sourcecode.c.h; path = SPConfiguration.h; sourceTree = "<group>"; };
		1967C8BF19D44317001E6656 /* SPConfiguration.m */ = {isa = PBXFileReference; fileEncoding = 4; lastKnownFileType = sourcecode.c.objc; path = SPConfiguration.m; sourceTree = "<group>"; };
		1967C8C919D4463F001E6656 /* NSObject+setValuesForKeysWithJSONDictionary.h */ = {isa = PBXFileReference; fileEncoding = 4; lastKnownFileType = sourcecode.c.h; path = "NSObject+setValuesForKeysWithJSONDictionary.h"; sourceTree = "<group>"; };
		1967C8CA19D4463F001E6656 /* NSObject+setValuesForKeysWithJSONDictionary.m */ = {isa = PBXFileReference; fileEncoding = 4; lastKnownFileType = sourcecode.c.objc; path = "NSObject+setValuesForKeysWithJSONDictionary.m"; sourceTree = "<group>"; };
		1967C8CD19D44EA8001E6656 /* OpenUDID.h */ = {isa = PBXFileReference; fileEncoding = 4; lastKnownFileType = sourcecode.c.h; path = OpenUDID.h; sourceTree = "<group>"; };
		1967C8CE19D44EA8001E6656 /* OpenUDID.m */ = {isa = PBXFileReference; fileEncoding = 4; lastKnownFileType = sourcecode.c.objc; path = OpenUDID.m; sourceTree = "<group>"; };
		1967C8CF19D44EA8001E6656 /* README.md */ = {isa = PBXFileReference; fileEncoding = 4; lastKnownFileType = net.daringfireball.markdown; path = README.md; sourceTree = "<group>"; };
		1967C8D519D462DA001E6656 /* configuration-dev.json */ = {isa = PBXFileReference; fileEncoding = 4; lastKnownFileType = text.json; path = "configuration-dev.json"; sourceTree = "<group>"; };
		1967C8D619D462DA001E6656 /* configuration-dist.json */ = {isa = PBXFileReference; fileEncoding = 4; lastKnownFileType = text.json; path = "configuration-dist.json"; sourceTree = "<group>"; };
		1967C8D719D462DA001E6656 /* configuration-rel.json */ = {isa = PBXFileReference; fileEncoding = 4; lastKnownFileType = text.json; path = "configuration-rel.json"; sourceTree = "<group>"; };
		1967C8D819D462DA001E6656 /* configuration-test.json */ = {isa = PBXFileReference; fileEncoding = 4; lastKnownFileType = text.json; path = "configuration-test.json"; sourceTree = "<group>"; };
		1967C8DE19D4630A001E6656 /* SPLocalizable-de_DE.plist */ = {isa = PBXFileReference; fileEncoding = 4; lastKnownFileType = text.plist.xml; path = "SPLocalizable-de_DE.plist"; sourceTree = "<group>"; };
		1967C8DF19D4630A001E6656 /* SPLocalizable-en_US.plist */ = {isa = PBXFileReference; fileEncoding = 4; lastKnownFileType = text.plist.xml; path = "SPLocalizable-en_US.plist"; sourceTree = "<group>"; };
		1967C8E019D4630A001E6656 /* SPLocalizable-tr_TR.plist */ = {isa = PBXFileReference; fileEncoding = 4; lastKnownFileType = text.plist.xml; path = "SPLocalizable-tr_TR.plist"; sourceTree = "<group>"; };
		1967C8E419D46857001E6656 /* NSDictionary+SPSortAddition.h */ = {isa = PBXFileReference; fileEncoding = 4; lastKnownFileType = sourcecode.c.h; path = "NSDictionary+SPSortAddition.h"; sourceTree = "<group>"; };
		1967C8E519D46857001E6656 /* NSDictionary+SPSortAddition.m */ = {isa = PBXFileReference; fileEncoding = 4; lastKnownFileType = sourcecode.c.objc; path = "NSDictionary+SPSortAddition.m"; sourceTree = "<group>"; };
		1967C8E719D57D40001E6656 /* NSString+Hashes.h */ = {isa = PBXFileReference; fileEncoding = 4; lastKnownFileType = sourcecode.c.h; path = "NSString+Hashes.h"; sourceTree = "<group>"; };
		1967C8E819D57D40001E6656 /* NSString+Hashes.m */ = {isa = PBXFileReference; fileEncoding = 4; lastKnownFileType = sourcecode.c.objc; path = "NSString+Hashes.m"; sourceTree = "<group>"; };
		1967C8EC19D5913F001E6656 /* SPOffer.h */ = {isa = PBXFileReference; fileEncoding = 4; lastKnownFileType = sourcecode.c.h; path = SPOffer.h; sourceTree = "<group>"; };
		1967C8EF19D59228001E6656 /* SPOfferResponse.h */ = {isa = PBXFileReference; fileEncoding = 4; lastKnownFileType = sourcecode.c.h; path = SPOfferResponse.h; sourceTree = "<group>"; };
		1967C8F019D59228001E6656 /* SPOfferResponse.m */ = {isa = PBXFileReference; fileEncoding = 4; lastKnownFileType = sourcecode.c.objc; path = SPOfferResponse.m; sourceTree = "<group>"; };
		1967C8F219D5942B001E6656 /* SPOfferInformation.h */ = {isa = PBXFileReference; fileEncoding = 4; lastKnownFileType = sourcecode.c.h; path = SPOfferInformation.h; sourceTree = "<group>"; };
		1967C8F319D5942B001E6656 /* SPOfferInformation.m */ = {isa = PBXFileReference; fileEncoding = 4; lastKnownFileType = sourcecode.c.objc; path = SPOfferInformation.m; sourceTree = "<group>"; };
		1967C8F519D594CA001E6656 /* SPOfferThumbnail.h */ = {isa = PBXFileReference; fileEncoding = 4; lastKnownFileType = sourcecode.c.h; path = SPOfferThumbnail.h; sourceTree = "<group>"; };
		1967C8F619D594CA001E6656 /* SPOfferThumbnail.m */ = {isa = PBXFileReference; fileEncoding = 4; lastKnownFileType = sourcecode.c.objc; path = SPOfferThumbnail.m; sourceTree = "<group>"; };
		1967C8F719D594CA001E6656 /* SPOfferTimeToPayout.h */ = {isa = PBXFileReference; fileEncoding = 4; lastKnownFileType = sourcecode.c.h; path = SPOfferTimeToPayout.h; sourceTree = "<group>"; };
		1967C8F819D594CA001E6656 /* SPOfferTimeToPayout.m */ = {isa = PBXFileReference; fileEncoding = 4; lastKnownFileType = sourcecode.c.objc; path = SPOfferTimeToPayout.m; sourceTree = "<group>"; };
		1967C8F919D594CA001E6656 /* SPOfferType.h */ = {isa = PBXFileReference; fileEncoding = 4; lastKnownFileType = sourcecode.c.h; path = SPOfferType.h; sourceTree = "<group>"; };
		1967C8FA19D594CA001E6656 /* SPOfferType.m */ = {isa = PBXFileReference; fileEncoding = 4; lastKnownFileType = sourcecode.c.objc; path = SPOfferType.m; sourceTree = "<group>"; };
		1967C8FE19D59CB8001E6656 /* SPOffer.m */ = {isa = PBXFileReference; fileEncoding = 4; lastKnownFileType = sourcecode.c.objc; path = SPOffer.m; sourceTree = "<group>"; };
		1967C90019D5A393001E6656 /* SPOfferCell.h */ = {isa = PBXFileReference; fileEncoding = 4; lastKnownFileType = sourcecode.c.h; path = SPOfferCell.h; sourceTree = "<group>"; };
		1967C90119D5A393001E6656 /* SPOfferCell.m */ = {isa = PBXFileReference; fileEncoding = 4; lastKnownFileType = sourcecode.c.objc; path = SPOfferCell.m; sourceTree = "<group>"; };
		1967C90319D5AB4A001E6656 /* SPOfferListViewController.h */ = {isa = PBXFileReference; fileEncoding = 4; lastKnownFileType = sourcecode.c.h; path = SPOfferListViewController.h; sourceTree = "<group>"; };
		1967C90419D5AB4A001E6656 /* SPOfferListViewController.m */ = {isa = PBXFileReference; fileEncoding = 4; lastKnownFileType = sourcecode.c.objc; path = SPOfferListViewController.m; sourceTree = "<group>"; };
		1967C92719D5B9D1001E6656 /* SPOfferCell.xib */ = {isa = PBXFileReference; fileEncoding = 4; lastKnownFileType = file.xib; path = SPOfferCell.xib; sourceTree = "<group>"; };
		1967C92A19D5BB36001E6656 /* MKAnnotationView+WebCache.h */ = {isa = PBXFileReference; fileEncoding = 4; lastKnownFileType = sourcecode.c.h; path = "MKAnnotationView+WebCache.h"; sourceTree = "<group>"; };
		1967C92B19D5BB36001E6656 /* MKAnnotationView+WebCache.m */ = {isa = PBXFileReference; fileEncoding = 4; lastKnownFileType = sourcecode.c.objc; path = "MKAnnotationView+WebCache.m"; sourceTree = "<group>"; };
		1967C92C19D5BB36001E6656 /* NSData+ImageContentType.h */ = {isa = PBXFileReference; fileEncoding = 4; lastKnownFileType = sourcecode.c.h; path = "NSData+ImageContentType.h"; sourceTree = "<group>"; };
		1967C92D19D5BB36001E6656 /* NSData+ImageContentType.m */ = {isa = PBXFileReference; fileEncoding = 4; lastKnownFileType = sourcecode.c.objc; path = "NSData+ImageContentType.m"; sourceTree = "<group>"; };
		1967C92E19D5BB36001E6656 /* SDImageCache.h */ = {isa = PBXFileReference; fileEncoding = 4; lastKnownFileType = sourcecode.c.h; path = SDImageCache.h; sourceTree = "<group>"; };
		1967C92F19D5BB36001E6656 /* SDImageCache.m */ = {isa = PBXFileReference; fileEncoding = 4; lastKnownFileType = sourcecode.c.objc; path = SDImageCache.m; sourceTree = "<group>"; };
		1967C93019D5BB36001E6656 /* SDWebImageCompat.h */ = {isa = PBXFileReference; fileEncoding = 4; lastKnownFileType = sourcecode.c.h; path = SDWebImageCompat.h; sourceTree = "<group>"; };
		1967C93119D5BB36001E6656 /* SDWebImageCompat.m */ = {isa = PBXFileReference; fileEncoding = 4; lastKnownFileType = sourcecode.c.objc; path = SDWebImageCompat.m; sourceTree = "<group>"; };
		1967C93219D5BB36001E6656 /* SDWebImageDecoder.h */ = {isa = PBXFileReference; fileEncoding = 4; lastKnownFileType = sourcecode.c.h; path = SDWebImageDecoder.h; sourceTree = "<group>"; };
		1967C93319D5BB36001E6656 /* SDWebImageDecoder.m */ = {isa = PBXFileReference; fileEncoding = 4; lastKnownFileType = sourcecode.c.objc; path = SDWebImageDecoder.m; sourceTree = "<group>"; };
		1967C93419D5BB36001E6656 /* SDWebImageDownloader.h */ = {isa = PBXFileReference; fileEncoding = 4; lastKnownFileType = sourcecode.c.h; path = SDWebImageDownloader.h; sourceTree = "<group>"; };
		1967C93519D5BB36001E6656 /* SDWebImageDownloader.m */ = {isa = PBXFileReference; fileEncoding = 4; lastKnownFileType = sourcecode.c.objc; path = SDWebImageDownloader.m; sourceTree = "<group>"; };
		1967C93619D5BB36001E6656 /* SDWebImageDownloaderOperation.h */ = {isa = PBXFileReference; fileEncoding = 4; lastKnownFileType = sourcecode.c.h; path = SDWebImageDownloaderOperation.h; sourceTree = "<group>"; };
		1967C93719D5BB36001E6656 /* SDWebImageDownloaderOperation.m */ = {isa = PBXFileReference; fileEncoding = 4; lastKnownFileType = sourcecode.c.objc; path = SDWebImageDownloaderOperation.m; sourceTree = "<group>"; };
		1967C93819D5BB36001E6656 /* SDWebImageManager.h */ = {isa = PBXFileReference; fileEncoding = 4; lastKnownFileType = sourcecode.c.h; path = SDWebImageManager.h; sourceTree = "<group>"; };
		1967C93919D5BB36001E6656 /* SDWebImageManager.m */ = {isa = PBXFileReference; fileEncoding = 4; lastKnownFileType = sourcecode.c.objc; path = SDWebImageManager.m; sourceTree = "<group>"; };
		1967C93A19D5BB36001E6656 /* SDWebImageOperation.h */ = {isa = PBXFileReference; fileEncoding = 4; lastKnownFileType = sourcecode.c.h; path = SDWebImageOperation.h; sourceTree = "<group>"; };
		1967C93B19D5BB36001E6656 /* SDWebImagePrefetcher.h */ = {isa = PBXFileReference; fileEncoding = 4; lastKnownFileType = sourcecode.c.h; path = SDWebImagePrefetcher.h; sourceTree = "<group>"; };
		1967C93C19D5BB36001E6656 /* SDWebImagePrefetcher.m */ = {isa = PBXFileReference; fileEncoding = 4; lastKnownFileType = sourcecode.c.objc; path = SDWebImagePrefetcher.m; sourceTree = "<group>"; };
		1967C93D19D5BB36001E6656 /* UIButton+WebCache.h */ = {isa = PBXFileReference; fileEncoding = 4; lastKnownFileType = sourcecode.c.h; path = "UIButton+WebCache.h"; sourceTree = "<group>"; };
		1967C93E19D5BB36001E6656 /* UIButton+WebCache.m */ = {isa = PBXFileReference; fileEncoding = 4; lastKnownFileType = sourcecode.c.objc; path = "UIButton+WebCache.m"; sourceTree = "<group>"; };
		1967C93F19D5BB36001E6656 /* UIImage+GIF.h */ = {isa = PBXFileReference; fileEncoding = 4; lastKnownFileType = sourcecode.c.h; path = "UIImage+GIF.h"; sourceTree = "<group>"; };
		1967C94019D5BB36001E6656 /* UIImage+GIF.m */ = {isa = PBXFileReference; fileEncoding = 4; lastKnownFileType = sourcecode.c.objc; path = "UIImage+GIF.m"; sourceTree = "<group>"; };
		1967C94119D5BB36001E6656 /* UIImage+MultiFormat.h */ = {isa = PBXFileReference; fileEncoding = 4; lastKnownFileType = sourcecode.c.h; path = "UIImage+MultiFormat.h"; sourceTree = "<group>"; };
		1967C94219D5BB36001E6656 /* UIImage+MultiFormat.m */ = {isa = PBXFileReference; fileEncoding = 4; lastKnownFileType = sourcecode.c.objc; path = "UIImage+MultiFormat.m"; sourceTree = "<group>"; };
		1967C94319D5BB36001E6656 /* UIImage+WebP.h */ = {isa = PBXFileReference; fileEncoding = 4; lastKnownFileType = sourcecode.c.h; path = "UIImage+WebP.h"; sourceTree = "<group>"; };
		1967C94419D5BB36001E6656 /* UIImage+WebP.m */ = {isa = PBXFileReference; fileEncoding = 4; lastKnownFileType = sourcecode.c.objc; path = "UIImage+WebP.m"; sourceTree = "<group>"; };
		1967C94519D5BB36001E6656 /* UIImageView+HighlightedWebCache.h */ = {isa = PBXFileReference; fileEncoding = 4; lastKnownFileType = sourcecode.c.h; path = "UIImageView+HighlightedWebCache.h"; sourceTree = "<group>"; };
		1967C94619D5BB36001E6656 /* UIImageView+HighlightedWebCache.m */ = {isa = PBXFileReference; fileEncoding = 4; lastKnownFileType = sourcecode.c.objc; path = "UIImageView+HighlightedWebCache.m"; sourceTree = "<group>"; };
		1967C94719D5BB36001E6656 /* UIImageView+WebCache.h */ = {isa = PBXFileReference; fileEncoding = 4; lastKnownFileType = sourcecode.c.h; path = "UIImageView+WebCache.h"; sourceTree = "<group>"; };
		1967C94819D5BB36001E6656 /* UIImageView+WebCache.m */ = {isa = PBXFileReference; fileEncoding = 4; lastKnownFileType = sourcecode.c.objc; path = "UIImageView+WebCache.m"; sourceTree = "<group>"; };
		1967C94919D5BB36001E6656 /* UIView+WebCacheOperation.h */ = {isa = PBXFileReference; fileEncoding = 4; lastKnownFileType = sourcecode.c.h; path = "UIView+WebCacheOperation.h"; sourceTree = "<group>"; };
		1967C94A19D5BB36001E6656 /* UIView+WebCacheOperation.m */ = {isa = PBXFileReference; fileEncoding = 4; lastKnownFileType = sourcecode.c.objc; path = "UIView+WebCacheOperation.m"; sourceTree = "<group>"; };
		1967C95C19D5E181001E6656 /* SPLoadingView.h */ = {isa = PBXFileReference; fileEncoding = 4; lastKnownFileType = sourcecode.c.h; path = SPLoadingView.h; sourceTree = "<group>"; };
		1967C95D19D5E181001E6656 /* SPLoadingView.m */ = {isa = PBXFileReference; fileEncoding = 4; lastKnownFileType = sourcecode.c.objc; path = SPLoadingView.m; sourceTree = "<group>"; };
		1967C95E19D5E181001E6656 /* SPLoadingView.xib */ = {isa = PBXFileReference; fileEncoding = 4; lastKnownFileType = file.xib; path = SPLoadingView.xib; sourceTree = "<group>"; };
		1967C96319D5E49C001E6656 /* dot.png */ = {isa = PBXFileReference; lastKnownFileType = image.png; path = dot.png; sourceTree = "<group>"; };
		1967C96519D5E49C001E6656 /* dot@2x.png */ = {isa = PBXFileReference; lastKnownFileType = image.png; path = "dot@2x.png"; sourceTree = "<group>"; };
		1967C96719D5E49C001E6656 /* dot@3x.png */ = {isa = PBXFileReference; lastKnownFileType = image.png; path = "dot@3x.png"; sourceTree = "<group>"; };
		1991A9BF19D40B64002C648A /* SPOffers.app */ = {isa = PBXFileReference; explicitFileType = wrapper.application; includeInIndex = 0; path = SPOffers.app; sourceTree = BUILT_PRODUCTS_DIR; };
		1991A9C319D40B64002C648A /* Info.plist */ = {isa = PBXFileReference; lastKnownFileType = text.plist.xml; path = Info.plist; sourceTree = "<group>"; };
		1991A9C419D40B64002C648A /* main.m */ = {isa = PBXFileReference; lastKnownFileType = sourcecode.c.objc; path = main.m; sourceTree = "<group>"; };
		1991A9C619D40B64002C648A /* AppDelegate.h */ = {isa = PBXFileReference; lastKnownFileType = sourcecode.c.h; path = AppDelegate.h; sourceTree = "<group>"; };
		1991A9C719D40B64002C648A /* AppDelegate.m */ = {isa = PBXFileReference; lastKnownFileType = sourcecode.c.objc; path = AppDelegate.m; sourceTree = "<group>"; };
		1991A9C919D40B64002C648A /* SPFormViewController.h */ = {isa = PBXFileReference; lastKnownFileType = sourcecode.c.h; path = SPFormViewController.h; sourceTree = "<group>"; };
		1991A9CA19D40B64002C648A /* SPFormViewController.m */ = {isa = PBXFileReference; lastKnownFileType = sourcecode.c.objc; path = SPFormViewController.m; sourceTree = "<group>"; };
		1991A9CD19D40B64002C648A /* Base */ = {isa = PBXFileReference; lastKnownFileType = file.storyboard; name = Base; path = Base.lproj/Main.storyboard; sourceTree = "<group>"; };
		1991A9CF19D40B64002C648A /* Images.xcassets */ = {isa = PBXFileReference; lastKnownFileType = folder.assetcatalog; path = Images.xcassets; sourceTree = "<group>"; };
		1991A9D219D40B64002C648A /* Base */ = {isa = PBXFileReference; lastKnownFileType = file.xib; name = Base; path = Base.lproj/LaunchScreen.xib; sourceTree = "<group>"; };
		1991A9D819D40B65002C648A /* SPOffersTests.xctest */ = {isa = PBXFileReference; explicitFileType = wrapper.cfbundle; includeInIndex = 0; path = SPOffersTests.xctest; sourceTree = BUILT_PRODUCTS_DIR; };
		1991A9DD19D40B65002C648A /* Info.plist */ = {isa = PBXFileReference; lastKnownFileType = text.plist.xml; path = Info.plist; sourceTree = "<group>"; };
		1991A9DE19D40B65002C648A /* SPOffersTests.m */ = {isa = PBXFileReference; lastKnownFileType = sourcecode.c.objc; path = SPOffersTests.m; sourceTree = "<group>"; };
		1991AAAF19D40C4C002C648A /* CoreGraphics.framework */ = {isa = PBXFileReference; lastKnownFileType = wrapper.framework; name = CoreGraphics.framework; path = System/Library/Frameworks/CoreGraphics.framework; sourceTree = SDKROOT; };
		1991AAB119D40C54002C648A /* QuartzCore.framework */ = {isa = PBXFileReference; lastKnownFileType = wrapper.framework; name = QuartzCore.framework; path = System/Library/Frameworks/QuartzCore.framework; sourceTree = SDKROOT; };
		1991AAB319D40C5D002C648A /* MediaPlayer.framework */ = {isa = PBXFileReference; lastKnownFileType = wrapper.framework; name = MediaPlayer.framework; path = System/Library/Frameworks/MediaPlayer.framework; sourceTree = SDKROOT; };
		1991AAB519D40C68002C648A /* SystemConfiguration.framework */ = {isa = PBXFileReference; lastKnownFileType = wrapper.framework; name = SystemConfiguration.framework; path = System/Library/Frameworks/SystemConfiguration.framework; sourceTree = SDKROOT; };
		1991AAB719D40C6F002C648A /* CoreTelephony.framework */ = {isa = PBXFileReference; lastKnownFileType = wrapper.framework; name = CoreTelephony.framework; path = System/Library/Frameworks/CoreTelephony.framework; sourceTree = SDKROOT; };
		1991AAB919D40C78002C648A /* StoreKit.framework */ = {isa = PBXFileReference; lastKnownFileType = wrapper.framework; name = StoreKit.framework; path = System/Library/Frameworks/StoreKit.framework; sourceTree = SDKROOT; };
		1991AABB19D40C83002C648A /* AdSupport.framework */ = {isa = PBXFileReference; lastKnownFileType = wrapper.framework; name = AdSupport.framework; path = System/Library/Frameworks/AdSupport.framework; sourceTree = SDKROOT; };
/* End PBXFileReference section */

/* Begin PBXFrameworksBuildPhase section */
		1991A9BC19D40B64002C648A /* Frameworks */ = {
			isa = PBXFrameworksBuildPhase;
			buildActionMask = 2147483647;
			files = (
				1991AABC19D40C83002C648A /* AdSupport.framework in Frameworks */,
				1967C8BA19D43C1D001E6656 /* libz.1.2.5.dylib in Frameworks */,
				1967C88B19D433B2001E6656 /* libxml2.2.dylib in Frameworks */,
				1967C88819D4337E001E6656 /* libxml2.dylib in Frameworks */,
				1991AABA19D40C78002C648A /* StoreKit.framework in Frameworks */,
				1991AAB819D40C6F002C648A /* CoreTelephony.framework in Frameworks */,
				1991AAB619D40C68002C648A /* SystemConfiguration.framework in Frameworks */,
				1991AAB419D40C5E002C648A /* MediaPlayer.framework in Frameworks */,
				1991AAB219D40C54002C648A /* QuartzCore.framework in Frameworks */,
				1991AAB019D40C4C002C648A /* CoreGraphics.framework in Frameworks */,
			);
			runOnlyForDeploymentPostprocessing = 0;
		};
		1991A9D519D40B65002C648A /* Frameworks */ = {
			isa = PBXFrameworksBuildPhase;
			buildActionMask = 2147483647;
			files = (
			);
			runOnlyForDeploymentPostprocessing = 0;
		};
/* End PBXFrameworksBuildPhase section */

/* Begin PBXGroup section */
		1967C83919D431B9001E6656 /* Networking */ = {
			isa = PBXGroup;
			children = (
				1967C83A19D431B9001E6656 /* JMFNetRequest.h */,
				1967C83B19D431B9001E6656 /* JMFNetRequest.m */,
				1967C83C19D431B9001E6656 /* JMFNetResponse.h */,
				1967C83D19D431B9001E6656 /* JMFNetResponse.m */,
				1967C83E19D431B9001E6656 /* JMFNetworkManager.h */,
				1967C83F19D431B9001E6656 /* JMFNetworkManager.m */,
				1967C84019D431B9001E6656 /* JMFNSNetOperation.h */,
				1967C84119D431B9001E6656 /* JMFNSNetOperation.m */,
				1967C84219D431B9001E6656 /* Utility */,
			);
			path = Networking;
			sourceTree = "<group>";
		};
		1967C84219D431B9001E6656 /* Utility */ = {
			isa = PBXGroup;
			children = (
				1967C84319D431B9001E6656 /* DebugLoggingModule.h */,
				1967C84419D431B9001E6656 /* DebugLoggingModule.m */,
				1967C84519D431B9001E6656 /* JMFDebugLoggingProtocol.h */,
				1967C84619D431B9001E6656 /* JMFIdentity.h */,
				1967C84719D431B9001E6656 /* JMFIdentity.m */,
				1967C84819D431B9001E6656 /* jMFKeychainUtils.h */,
				1967C84919D431B9001E6656 /* JMFKeychainUtils.m */,
				1967C84A19D431B9001E6656 /* JMFLoadingOverlay.h */,
				1967C84B19D431B9001E6656 /* JMFLoadingOverlay.m */,
				1967C84C19D431B9001E6656 /* JMFModule.h */,
				1967C84D19D431B9001E6656 /* JMFModule.m */,
				1967C84E19D431B9001E6656 /* JMFModuleManager.h */,
				1967C84F19D431B9001E6656 /* jMFModuleManager.m */,
				1967C85019D431B9001E6656 /* JMFTrackingProtocol.h */,
				1967C85119D431B9001E6656 /* JMFUtilities.h */,
				1967C85219D431B9001E6656 /* JMFUtilities.m */,
				1967C85319D431B9001E6656 /* JMFXMLNode.h */,
				1967C85419D431B9001E6656 /* JMFXMLNode.m */,
				1967C85519D431B9001E6656 /* NSData+JMFExtensions.h */,
				1967C85619D431B9001E6656 /* NSData+JMFExtensions.m */,
				1967C85719D431B9001E6656 /* NSDictionary+JMFExtensions.h */,
				1967C85819D431B9001E6656 /* NSDictionary+JMFExtensions.m */,
				1967C85919D431B9001E6656 /* NSString+JMFExtensions.h */,
				1967C85A19D431B9001E6656 /* NSString+JMFExtensions.m */,
				1967C85B19D431B9001E6656 /* NSURL+JMFExtensions.h */,
				1967C85C19D431B9001E6656 /* NSURL+JMFExtensions.m */,
			);
			path = Utility;
			sourceTree = "<group>";
		};
		1967C86D19D43203001E6656 /* MobileAPIAdapter */ = {
			isa = PBXGroup;
			children = (
				1967C86E19D43203001E6656 /* SPMobileAPIAdapter.h */,
				1967C86F19D43203001E6656 /* SPMobileAPIAdapter.m */,
				1967C87019D43203001E6656 /* RequestResponse */,
			);
			path = MobileAPIAdapter;
			sourceTree = "<group>";
		};
		1967C87019D43203001E6656 /* RequestResponse */ = {
			isa = PBXGroup;
			children = (
				1967C8BB19D440CA001E6656 /* SPSendFormRequest.h */,
				1967C8BC19D440CA001E6656 /* SPSendFormRequest.m */,
				1967C87119D43203001E6656 /* SPMobileAPIBaseLoggedRequest.h */,
				1967C87219D43203001E6656 /* SPMobileAPIBaseLoggedRequest.m */,
				1967C87319D43203001E6656 /* SPMobileAPIBaseNetRequest.h */,
				1967C87419D43203001E6656 /* SPMobileAPIBaseNetRequest.m */,
				1967C87519D43203001E6656 /* SPMobileAPIBaseRequest.h */,
				1967C87619D43203001E6656 /* SPMobileAPIBaseRequest.m */,
				1967C87719D43203001E6656 /* SPMobileAPIBaseResponse.h */,
				1967C87819D43203001E6656 /* SPMobileAPIBaseResponse.m */,
			);
			path = RequestResponse;
			sourceTree = "<group>";
		};
		1967C87E19D43252001E6656 /* DataModels */ = {
			isa = PBXGroup;
			children = (
				1967C8EF19D59228001E6656 /* SPOfferResponse.h */,
				1967C8F019D59228001E6656 /* SPOfferResponse.m */,
				1967C8EC19D5913F001E6656 /* SPOffer.h */,
				1967C8FE19D59CB8001E6656 /* SPOffer.m */,
				1967C8F519D594CA001E6656 /* SPOfferThumbnail.h */,
				1967C8F619D594CA001E6656 /* SPOfferThumbnail.m */,
				1967C8F719D594CA001E6656 /* SPOfferTimeToPayout.h */,
				1967C8F819D594CA001E6656 /* SPOfferTimeToPayout.m */,
				1967C8F919D594CA001E6656 /* SPOfferType.h */,
				1967C8FA19D594CA001E6656 /* SPOfferType.m */,
				1967C8F219D5942B001E6656 /* SPOfferInformation.h */,
				1967C8F319D5942B001E6656 /* SPOfferInformation.m */,
				1967C88C19D43448001E6656 /* SPError.h */,
				1967C88D19D43448001E6656 /* SPError.m */,
				1967C88219D43294001E6656 /* SPUtility.h */,
				1967C88319D43294001E6656 /* SPUtility.m */,
				1967C87F19D43252001E6656 /* SPAuthenticationManager.h */,
				1967C88019D43252001E6656 /* SPAuthenticationManager.m */,
			);
			path = DataModels;
			sourceTree = "<group>";
		};
		1967C88F19D434E2001E6656 /* Managers */ = {
			isa = PBXGroup;
			children = (
				1967C89019D434E2001E6656 /* SPAlertManager.h */,
				1967C89119D434E2001E6656 /* SPAlertManager.m */,
				1967C89319D43532001E6656 /* SPLocalizationManager.h */,
				1967C89419D43532001E6656 /* SPLocalizationManager.m */,
			);
			path = Managers;
			sourceTree = "<group>";
		};
		1967C89719D4360C001E6656 /* Views */ = {
			isa = PBXGroup;
			children = (
				1967C95B19D5E181001E6656 /* Loading */,
				1967C90019D5A393001E6656 /* SPOfferCell.h */,
				1967C90119D5A393001E6656 /* SPOfferCell.m */,
				1967C92719D5B9D1001E6656 /* SPOfferCell.xib */,
				1967C89819D4360C001E6656 /* ConfirmationDialog */,
			);
			path = Views;
			sourceTree = "<group>";
		};
		1967C89819D4360C001E6656 /* ConfirmationDialog */ = {
			isa = PBXGroup;
			children = (
				1967C89919D4360C001E6656 /* SPConfirmationDialog.h */,
				1967C89A19D4360C001E6656 /* SPConfirmationDialog.m */,
				1967C89B19D4360C001E6656 /* SPConfirmationDialog.xib */,
			);
			path = ConfirmationDialog;
			sourceTree = "<group>";
		};
		1967C89E19D43668001E6656 /* Utility */ = {
			isa = PBXGroup;
			children = (
				1967C8BE19D44317001E6656 /* SPConfiguration.h */,
				1967C8BF19D44317001E6656 /* SPConfiguration.m */,
				1967C8C919D4463F001E6656 /* NSObject+setValuesForKeysWithJSONDictionary.h */,
				1967C8CA19D4463F001E6656 /* NSObject+setValuesForKeysWithJSONDictionary.m */,
				1967C8AE19D43759001E6656 /* Constants.h */,
				1967C89F19D43677001E6656 /* UIView+CustomNib.h */,
				1967C8A019D43677001E6656 /* UIView+CustomNib.m */,
				1967C8A219D4368F001E6656 /* UIView+Shadow.h */,
				1967C8A319D4368F001E6656 /* UIView+Shadow.m */,
				1967C8A519D436AB001E6656 /* UIColor+SPAdditions.h */,
				1967C8A619D436AB001E6656 /* UIColor+SPAdditions.m */,
				1967C8A819D43700001E6656 /* UIFont+SPAdditions.h */,
				1967C8A919D43700001E6656 /* UIFont+SPAdditions.m */,
				1967C8AB19D4372C001E6656 /* UIButton+SPAdditions.h */,
				1967C8AC19D4372C001E6656 /* UIButton+SPAdditions.m */,
				1967C8B619D43967001E6656 /* UIView+GestureRecognizers.h */,
				1967C8B719D43967001E6656 /* UIView+GestureRecognizers.m */,
				1967C8AF19D43875001E6656 /* UIView+FrameTransform.h */,
				1967C8B019D43875001E6656 /* UIView+FrameTransform.m */,
				1967C8E419D46857001E6656 /* NSDictionary+SPSortAddition.h */,
				1967C8E519D46857001E6656 /* NSDictionary+SPSortAddition.m */,
				1967C8E719D57D40001E6656 /* NSString+Hashes.h */,
				1967C8E819D57D40001E6656 /* NSString+Hashes.m */,
			);
			path = Utility;
			sourceTree = "<group>";
		};
		1967C8B219D438C5001E6656 /* Reachability */ = {
			isa = PBXGroup;
			children = (
				1967C8B319D438C5001E6656 /* Reachability.h */,
				1967C8B419D438C5001E6656 /* Reachability.m */,
			);
			path = Reachability;
			sourceTree = "<group>";
		};
		1967C8CC19D44EA8001E6656 /* OpenUDID-master */ = {
			isa = PBXGroup;
			children = (
				1967C8CD19D44EA8001E6656 /* OpenUDID.h */,
				1967C8CE19D44EA8001E6656 /* OpenUDID.m */,
				1967C8CF19D44EA8001E6656 /* README.md */,
			);
			path = "OpenUDID-master";
			sourceTree = "<group>";
		};
		1967C8D419D462C7001E6656 /* Resources */ = {
			isa = PBXGroup;
			children = (
				1967C8D519D462DA001E6656 /* configuration-dev.json */,
				1967C8D619D462DA001E6656 /* configuration-dist.json */,
				1967C8D719D462DA001E6656 /* configuration-rel.json */,
				1967C8D819D462DA001E6656 /* configuration-test.json */,
				1967C8DE19D4630A001E6656 /* SPLocalizable-de_DE.plist */,
				1967C8DF19D4630A001E6656 /* SPLocalizable-en_US.plist */,
				1967C8E019D4630A001E6656 /* SPLocalizable-tr_TR.plist */,
			);
			path = Resources;
			sourceTree = "<group>";
		};
		1967C8DD19D462E3001E6656 /* Frameworks */ = {
			isa = PBXGroup;
			children = (
				1967C8B919D43C1D001E6656 /* libz.1.2.5.dylib */,
				1967C88719D4337E001E6656 /* libxml2.dylib */,
				1967C89619D43585001E6656 /* SPPrefixHeader.pch */,
				1967C88519D43333001E6656 /* libxml2.2.dylib */,
				1991AABB19D40C83002C648A /* AdSupport.framework */,
				1991AAB919D40C78002C648A /* StoreKit.framework */,
				1991AAB719D40C6F002C648A /* CoreTelephony.framework */,
				1991AAB519D40C68002C648A /* SystemConfiguration.framework */,
				1991AAB319D40C5D002C648A /* MediaPlayer.framework */,
				1991AAB119D40C54002C648A /* QuartzCore.framework */,
				1991AAAF19D40C4C002C648A /* CoreGraphics.framework */,
			);
			name = Frameworks;
			sourceTree = "<group>";
		};
		1967C92919D5BB36001E6656 /* SDWebImage */ = {
			isa = PBXGroup;
			children = (
				1967C92A19D5BB36001E6656 /* MKAnnotationView+WebCache.h */,
				1967C92B19D5BB36001E6656 /* MKAnnotationView+WebCache.m */,
				1967C92C19D5BB36001E6656 /* NSData+ImageContentType.h */,
				1967C92D19D5BB36001E6656 /* NSData+ImageContentType.m */,
				1967C92E19D5BB36001E6656 /* SDImageCache.h */,
				1967C92F19D5BB36001E6656 /* SDImageCache.m */,
				1967C93019D5BB36001E6656 /* SDWebImageCompat.h */,
				1967C93119D5BB36001E6656 /* SDWebImageCompat.m */,
				1967C93219D5BB36001E6656 /* SDWebImageDecoder.h */,
				1967C93319D5BB36001E6656 /* SDWebImageDecoder.m */,
				1967C93419D5BB36001E6656 /* SDWebImageDownloader.h */,
				1967C93519D5BB36001E6656 /* SDWebImageDownloader.m */,
				1967C93619D5BB36001E6656 /* SDWebImageDownloaderOperation.h */,
				1967C93719D5BB36001E6656 /* SDWebImageDownloaderOperation.m */,
				1967C93819D5BB36001E6656 /* SDWebImageManager.h */,
				1967C93919D5BB36001E6656 /* SDWebImageManager.m */,
				1967C93A19D5BB36001E6656 /* SDWebImageOperation.h */,
				1967C93B19D5BB36001E6656 /* SDWebImagePrefetcher.h */,
				1967C93C19D5BB36001E6656 /* SDWebImagePrefetcher.m */,
				1967C93D19D5BB36001E6656 /* UIButton+WebCache.h */,
				1967C93E19D5BB36001E6656 /* UIButton+WebCache.m */,
				1967C93F19D5BB36001E6656 /* UIImage+GIF.h */,
				1967C94019D5BB36001E6656 /* UIImage+GIF.m */,
				1967C94119D5BB36001E6656 /* UIImage+MultiFormat.h */,
				1967C94219D5BB36001E6656 /* UIImage+MultiFormat.m */,
				1967C94319D5BB36001E6656 /* UIImage+WebP.h */,
				1967C94419D5BB36001E6656 /* UIImage+WebP.m */,
				1967C94519D5BB36001E6656 /* UIImageView+HighlightedWebCache.h */,
				1967C94619D5BB36001E6656 /* UIImageView+HighlightedWebCache.m */,
				1967C94719D5BB36001E6656 /* UIImageView+WebCache.h */,
				1967C94819D5BB36001E6656 /* UIImageView+WebCache.m */,
				1967C94919D5BB36001E6656 /* UIView+WebCacheOperation.h */,
				1967C94A19D5BB36001E6656 /* UIView+WebCacheOperation.m */,
			);
			path = SDWebImage;
			sourceTree = "<group>";
		};
		1967C95B19D5E181001E6656 /* Loading */ = {
			isa = PBXGroup;
			children = (
				1967C95C19D5E181001E6656 /* SPLoadingView.h */,
				1967C95D19D5E181001E6656 /* SPLoadingView.m */,
				1967C95E19D5E181001E6656 /* SPLoadingView.xib */,
			);
			path = Loading;
			sourceTree = "<group>";
		};
		1967C96119D5E49C001E6656 /* image */ = {
			isa = PBXGroup;
			children = (
				1967C96219D5E49C001E6656 /* 1x */,
				1967C96419D5E49C001E6656 /* 2x */,
				1967C96619D5E49C001E6656 /* 3x */,
			);
			path = image;
			sourceTree = "<group>";
		};
		1967C96219D5E49C001E6656 /* 1x */ = {
			isa = PBXGroup;
			children = (
				1967C96319D5E49C001E6656 /* dot.png */,
			);
			path = 1x;
			sourceTree = "<group>";
		};
		1967C96419D5E49C001E6656 /* 2x */ = {
			isa = PBXGroup;
			children = (
				1967C96519D5E49C001E6656 /* dot@2x.png */,
			);
			path = 2x;
			sourceTree = "<group>";
		};
		1967C96619D5E49C001E6656 /* 3x */ = {
			isa = PBXGroup;
			children = (
				1967C96719D5E49C001E6656 /* dot@3x.png */,
			);
			path = 3x;
			sourceTree = "<group>";
		};
		1991A9B619D40B64002C648A = {
			isa = PBXGroup;
			children = (
				1991A9C119D40B64002C648A /* SPOffers */,
				1991A9DB19D40B65002C648A /* SPOffersTests */,
				1991A9C019D40B64002C648A /* Products */,
			);
			sourceTree = "<group>";
		};
		1991A9C019D40B64002C648A /* Products */ = {
			isa = PBXGroup;
			children = (
				1991A9BF19D40B64002C648A /* SPOffers.app */,
				1991A9D819D40B65002C648A /* SPOffersTests.xctest */,
			);
			name = Products;
			sourceTree = "<group>";
		};
		1991A9C119D40B64002C648A /* SPOffers */ = {
			isa = PBXGroup;
			children = (
				1991A9C619D40B64002C648A /* AppDelegate.h */,
				1991A9C719D40B64002C648A /* AppDelegate.m */,
				1991A9C919D40B64002C648A /* SPFormViewController.h */,
				1991A9CA19D40B64002C648A /* SPFormViewController.m */,
				1967C90319D5AB4A001E6656 /* SPOfferListViewController.h */,
				1967C90419D5AB4A001E6656 /* SPOfferListViewController.m */,
				1991A9CC19D40B64002C648A /* Main.storyboard */,
				1967C96119D5E49C001E6656 /* image */,
				1967C89E19D43668001E6656 /* Utility */,
				1967C89719D4360C001E6656 /* Views */,
				1967C88F19D434E2001E6656 /* Managers */,
				1967C87E19D43252001E6656 /* DataModels */,
				1967C86D19D43203001E6656 /* MobileAPIAdapter */,
				1967C83919D431B9001E6656 /* Networking */,
				1991A9E819D40BD2002C648A /* External */,
				1991A9CF19D40B64002C648A /* Images.xcassets */,
				1991A9D119D40B64002C648A /* LaunchScreen.xib */,
				1967C8D419D462C7001E6656 /* Resources */,
				1991A9C219D40B64002C648A /* Supporting Files */,
			);
			path = SPOffers;
			sourceTree = "<group>";
		};
		1991A9C219D40B64002C648A /* Supporting Files */ = {
			isa = PBXGroup;
			children = (
				1967C8DD19D462E3001E6656 /* Frameworks */,
				1991A9C319D40B64002C648A /* Info.plist */,
				1991A9C419D40B64002C648A /* main.m */,
			);
			name = "Supporting Files";
			sourceTree = "<group>";
		};
		1991A9DB19D40B65002C648A /* SPOffersTests */ = {
			isa = PBXGroup;
			children = (
				1991A9DE19D40B65002C648A /* SPOffersTests.m */,
				1991A9DC19D40B65002C648A /* Supporting Files */,
			);
			path = SPOffersTests;
			sourceTree = "<group>";
		};
		1991A9DC19D40B65002C648A /* Supporting Files */ = {
			isa = PBXGroup;
			children = (
				1991A9DD19D40B65002C648A /* Info.plist */,
			);
			name = "Supporting Files";
			sourceTree = "<group>";
		};
		1991A9E819D40BD2002C648A /* External */ = {
			isa = PBXGroup;
			children = (
				1967C92919D5BB36001E6656 /* SDWebImage */,
				1967C8CC19D44EA8001E6656 /* OpenUDID-master */,
				1967C8B219D438C5001E6656 /* Reachability */,
			);
			path = External;
			sourceTree = "<group>";
		};
/* End PBXGroup section */

/* Begin PBXNativeTarget section */
		1991A9BE19D40B64002C648A /* SPOffers */ = {
			isa = PBXNativeTarget;
			buildConfigurationList = 1991A9E219D40B65002C648A /* Build configuration list for PBXNativeTarget "SPOffers" */;
			buildPhases = (
				1991A9BB19D40B64002C648A /* Sources */,
				1991A9BC19D40B64002C648A /* Frameworks */,
				1991A9BD19D40B64002C648A /* Resources */,
			);
			buildRules = (
			);
			dependencies = (
			);
			name = SPOffers;
			productName = SPOffers;
			productReference = 1991A9BF19D40B64002C648A /* SPOffers.app */;
			productType = "com.apple.product-type.application";
		};
		1991A9D719D40B65002C648A /* SPOffersTests */ = {
			isa = PBXNativeTarget;
			buildConfigurationList = 1991A9E519D40B65002C648A /* Build configuration list for PBXNativeTarget "SPOffersTests" */;
			buildPhases = (
				1991A9D419D40B65002C648A /* Sources */,
				1991A9D519D40B65002C648A /* Frameworks */,
				1991A9D619D40B65002C648A /* Resources */,
			);
			buildRules = (
			);
			dependencies = (
				1991A9DA19D40B65002C648A /* PBXTargetDependency */,
			);
			name = SPOffersTests;
			productName = SPOffersTests;
			productReference = 1991A9D819D40B65002C648A /* SPOffersTests.xctest */;
			productType = "com.apple.product-type.bundle.unit-test";
		};
/* End PBXNativeTarget section */

/* Begin PBXProject section */
		1991A9B719D40B64002C648A /* Project object */ = {
			isa = PBXProject;
			attributes = {
				CLASSPREFIX = SP;
				LastUpgradeCheck = 0600;
				ORGANIZATIONNAME = "Mihriban Minaz";
				TargetAttributes = {
					1991A9BE19D40B64002C648A = {
						CreatedOnToolsVersion = 6.0.1;
					};
					1991A9D719D40B65002C648A = {
						CreatedOnToolsVersion = 6.0.1;
						TestTargetID = 1991A9BE19D40B64002C648A;
					};
				};
			};
			buildConfigurationList = 1991A9BA19D40B64002C648A /* Build configuration list for PBXProject "SPOffers" */;
			compatibilityVersion = "Xcode 3.2";
			developmentRegion = English;
			hasScannedForEncodings = 0;
			knownRegions = (
				en,
				Base,
			);
			mainGroup = 1991A9B619D40B64002C648A;
			productRefGroup = 1991A9C019D40B64002C648A /* Products */;
			projectDirPath = "";
			projectRoot = "";
			targets = (
				1991A9BE19D40B64002C648A /* SPOffers */,
				1991A9D719D40B65002C648A /* SPOffersTests */,
			);
		};
/* End PBXProject section */

/* Begin PBXResourcesBuildPhase section */
		1991A9BD19D40B64002C648A /* Resources */ = {
			isa = PBXResourcesBuildPhase;
			buildActionMask = 2147483647;
			files = (
				1967C96A19D5E49C001E6656 /* dot@3x.png in Resources */,
				1991A9CE19D40B64002C648A /* Main.storyboard in Resources */,
				1967C8DA19D462DA001E6656 /* configuration-dist.json in Resources */,
				1967C96819D5E49C001E6656 /* dot.png in Resources */,
				1991A9D319D40B64002C648A /* LaunchScreen.xib in Resources */,
				1967C89D19D4360C001E6656 /* SPConfirmationDialog.xib in Resources */,
				1967C96019D5E181001E6656 /* SPLoadingView.xib in Resources */,
				1967C8DC19D462DA001E6656 /* configuration-test.json in Resources */,
				1967C8D919D462DA001E6656 /* configuration-dev.json in Resources */,
				1967C8E119D4630A001E6656 /* SPLocalizable-de_DE.plist in Resources */,
				1967C8DB19D462DA001E6656 /* configuration-rel.json in Resources */,
				1991A9D019D40B64002C648A /* Images.xcassets in Resources */,
				1967C8E219D4630A001E6656 /* SPLocalizable-en_US.plist in Resources */,
				1967C8E319D4630A001E6656 /* SPLocalizable-tr_TR.plist in Resources */,
				1967C96919D5E49C001E6656 /* dot@2x.png in Resources */,
				1967C92819D5B9D1001E6656 /* SPOfferCell.xib in Resources */,
			);
			runOnlyForDeploymentPostprocessing = 0;
		};
		1991A9D619D40B65002C648A /* Resources */ = {
			isa = PBXResourcesBuildPhase;
			buildActionMask = 2147483647;
			files = (
			);
			runOnlyForDeploymentPostprocessing = 0;
		};
/* End PBXResourcesBuildPhase section */

/* Begin PBXSourcesBuildPhase section */
		1991A9BB19D40B64002C648A /* Sources */ = {
			isa = PBXSourcesBuildPhase;
			buildActionMask = 2147483647;
			files = (
				1967C86B19D431B9001E6656 /* NSString+JMFExtensions.m in Sources */,
				1967C87A19D43203001E6656 /* SPMobileAPIBaseLoggedRequest.m in Sources */,
				1967C94E19D5BB36001E6656 /* SDWebImageCompat.m in Sources */,
				1967C86719D431B9001E6656 /* JMFUtilities.m in Sources */,
				1967C86919D431B9001E6656 /* NSData+JMFExtensions.m in Sources */,
				1967C86619D431B9001E6656 /* jMFModuleManager.m in Sources */,
				1967C89C19D4360C001E6656 /* SPConfirmationDialog.m in Sources */,
				1967C95019D5BB36001E6656 /* SDWebImageDownloader.m in Sources */,
				1967C87C19D43203001E6656 /* SPMobileAPIBaseRequest.m in Sources */,
				1967C86A19D431B9001E6656 /* NSDictionary+JMFExtensions.m in Sources */,
				1967C86219D431B9001E6656 /* JMFIdentity.m in Sources */,
				1967C94F19D5BB36001E6656 /* SDWebImageDecoder.m in Sources */,
				1967C8FD19D594CA001E6656 /* SPOfferType.m in Sources */,
				1967C95819D5BB36001E6656 /* UIImageView+HighlightedWebCache.m in Sources */,
				1967C85F19D431B9001E6656 /* JMFNetworkManager.m in Sources */,
				1967C95619D5BB36001E6656 /* UIImage+MultiFormat.m in Sources */,
				1967C8B819D43967001E6656 /* UIView+GestureRecognizers.m in Sources */,
				1967C8FF19D59CB8001E6656 /* SPOffer.m in Sources */,
				1967C87919D43203001E6656 /* SPMobileAPIAdapter.m in Sources */,
				1967C8D019D44EA8001E6656 /* OpenUDID.m in Sources */,
				1967C95F19D5E181001E6656 /* SPLoadingView.m in Sources */,
				1967C8A719D436AB001E6656 /* UIColor+SPAdditions.m in Sources */,
				1967C86519D431B9001E6656 /* JMFModule.m in Sources */,
				1967C8B119D43875001E6656 /* UIView+FrameTransform.m in Sources */,
				1967C8A419D4368F001E6656 /* UIView+Shadow.m in Sources */,
				1967C8AA19D43700001E6656 /* UIFont+SPAdditions.m in Sources */,
				1967C95A19D5BB36001E6656 /* UIView+WebCacheOperation.m in Sources */,
				1967C88119D43252001E6656 /* SPAuthenticationManager.m in Sources */,
				1967C88419D43294001E6656 /* SPUtility.m in Sources */,
				1967C95219D5BB36001E6656 /* SDWebImageManager.m in Sources */,
				1967C8D119D44EA8001E6656 /* README.md in Sources */,
				1967C85D19D431B9001E6656 /* JMFNetRequest.m in Sources */,
				1967C86C19D431B9001E6656 /* NSURL+JMFExtensions.m in Sources */,
				1967C94B19D5BB36001E6656 /* MKAnnotationView+WebCache.m in Sources */,
				1967C89519D43532001E6656 /* SPLocalizationManager.m in Sources */,
				1967C94D19D5BB36001E6656 /* SDImageCache.m in Sources */,
				1991A9CB19D40B64002C648A /* SPFormViewController.m in Sources */,
				1967C95119D5BB36001E6656 /* SDWebImageDownloaderOperation.m in Sources */,
				1967C85E19D431B9001E6656 /* JMFNetResponse.m in Sources */,
				1967C89219D434E2001E6656 /* SPAlertManager.m in Sources */,
				1967C8B519D438C5001E6656 /* Reachability.m in Sources */,
				1967C95419D5BB36001E6656 /* UIButton+WebCache.m in Sources */,
				1967C86319D431B9001E6656 /* JMFKeychainUtils.m in Sources */,
				1967C8F419D5942B001E6656 /* SPOfferInformation.m in Sources */,
				1967C8FB19D594CA001E6656 /* SPOfferThumbnail.m in Sources */,
				1967C8CB19D4463F001E6656 /* NSObject+setValuesForKeysWithJSONDictionary.m in Sources */,
				1967C86819D431B9001E6656 /* JMFXMLNode.m in Sources */,
				1967C90519D5AB4A001E6656 /* SPOfferListViewController.m in Sources */,
				1967C88E19D43448001E6656 /* SPError.m in Sources */,
				1967C94C19D5BB36001E6656 /* NSData+ImageContentType.m in Sources */,
				1967C86419D431B9001E6656 /* JMFLoadingOverlay.m in Sources */,
				1967C8F119D59228001E6656 /* SPOfferResponse.m in Sources */,
				1967C8BD19D440CA001E6656 /* SPSendFormRequest.m in Sources */,
				1991A9C819D40B64002C648A /* AppDelegate.m in Sources */,
				1967C8AD19D4372C001E6656 /* UIButton+SPAdditions.m in Sources */,
				1967C86119D431B9001E6656 /* DebugLoggingModule.m in Sources */,
				1967C95919D5BB36001E6656 /* UIImageView+WebCache.m in Sources */,
				1967C8A119D43677001E6656 /* UIView+CustomNib.m in Sources */,
				1967C95519D5BB36001E6656 /* UIImage+GIF.m in Sources */,
				1967C95719D5BB36001E6656 /* UIImage+WebP.m in Sources */,
				1967C87B19D43203001E6656 /* SPMobileAPIBaseNetRequest.m in Sources */,
				1967C8FC19D594CA001E6656 /* SPOfferTimeToPayout.m in Sources */,
				1967C90219D5A393001E6656 /* SPOfferCell.m in Sources */,
				1991A9C519D40B64002C648A /* main.m in Sources */,
				1967C8E619D46857001E6656 /* NSDictionary+SPSortAddition.m in Sources */,
				1967C8C019D44317001E6656 /* SPConfiguration.m in Sources */,
				1967C8E919D57D40001E6656 /* NSString+Hashes.m in Sources */,
				1967C86019D431B9001E6656 /* JMFNSNetOperation.m in Sources */,
				1967C87D19D43203001E6656 /* SPMobileAPIBaseResponse.m in Sources */,
				1967C95319D5BB36001E6656 /* SDWebImagePrefetcher.m in Sources */,
			);
			runOnlyForDeploymentPostprocessing = 0;
		};
		1991A9D419D40B65002C648A /* Sources */ = {
			isa = PBXSourcesBuildPhase;
			buildActionMask = 2147483647;
			files = (
				1991A9DF19D40B65002C648A /* SPOffersTests.m in Sources */,
			);
			runOnlyForDeploymentPostprocessing = 0;
		};
/* End PBXSourcesBuildPhase section */

/* Begin PBXTargetDependency section */
		1991A9DA19D40B65002C648A /* PBXTargetDependency */ = {
			isa = PBXTargetDependency;
			target = 1991A9BE19D40B64002C648A /* SPOffers */;
			targetProxy = 1991A9D919D40B65002C648A /* PBXContainerItemProxy */;
		};
/* End PBXTargetDependency section */

/* Begin PBXVariantGroup section */
		1991A9CC19D40B64002C648A /* Main.storyboard */ = {
			isa = PBXVariantGroup;
			children = (
				1991A9CD19D40B64002C648A /* Base */,
			);
			name = Main.storyboard;
			sourceTree = "<group>";
		};
		1991A9D119D40B64002C648A /* LaunchScreen.xib */ = {
			isa = PBXVariantGroup;
			children = (
				1991A9D219D40B64002C648A /* Base */,
			);
			name = LaunchScreen.xib;
			sourceTree = "<group>";
		};
/* End PBXVariantGroup section */

/* Begin XCBuildConfiguration section */
		1991A9E019D40B65002C648A /* Debug */ = {
			isa = XCBuildConfiguration;
			buildSettings = {
				ALWAYS_SEARCH_USER_PATHS = NO;
				CLANG_CXX_LANGUAGE_STANDARD = "gnu++0x";
				CLANG_CXX_LIBRARY = "libc++";
				CLANG_ENABLE_MODULES = YES;
				CLANG_ENABLE_OBJC_ARC = YES;
				CLANG_WARN_BOOL_CONVERSION = YES;
				CLANG_WARN_CONSTANT_CONVERSION = YES;
				CLANG_WARN_DIRECT_OBJC_ISA_USAGE = YES_ERROR;
				CLANG_WARN_EMPTY_BODY = YES;
				CLANG_WARN_ENUM_CONVERSION = YES;
				CLANG_WARN_INT_CONVERSION = YES;
				CLANG_WARN_OBJC_ROOT_CLASS = YES_ERROR;
				CLANG_WARN_UNREACHABLE_CODE = YES;
				CLANG_WARN__DUPLICATE_METHOD_MATCH = YES;
				"CODE_SIGN_IDENTITY[sdk=iphoneos*]" = "iPhone Developer";
				COPY_PHASE_STRIP = NO;
				ENABLE_STRICT_OBJC_MSGSEND = YES;
				GCC_C_LANGUAGE_STANDARD = gnu99;
				GCC_DYNAMIC_NO_PIC = NO;
				GCC_OPTIMIZATION_LEVEL = 0;
				GCC_PREPROCESSOR_DEFINITIONS = (
					"DEBUG=1",
					"$(inherited)",
				);
				GCC_SYMBOLS_PRIVATE_EXTERN = NO;
				GCC_WARN_64_TO_32_BIT_CONVERSION = YES;
				GCC_WARN_ABOUT_RETURN_TYPE = YES_ERROR;
				GCC_WARN_UNDECLARED_SELECTOR = YES;
				GCC_WARN_UNINITIALIZED_AUTOS = YES_AGGRESSIVE;
				GCC_WARN_UNUSED_FUNCTION = YES;
				GCC_WARN_UNUSED_VARIABLE = YES;
				IPHONEOS_DEPLOYMENT_TARGET = 8.0;
				MTL_ENABLE_DEBUG_INFO = YES;
				ONLY_ACTIVE_ARCH = YES;
				SDKROOT = iphoneos;
			};
			name = Debug;
		};
		1991A9E119D40B65002C648A /* Release */ = {
			isa = XCBuildConfiguration;
			buildSettings = {
				ALWAYS_SEARCH_USER_PATHS = NO;
				CLANG_CXX_LANGUAGE_STANDARD = "gnu++0x";
				CLANG_CXX_LIBRARY = "libc++";
				CLANG_ENABLE_MODULES = YES;
				CLANG_ENABLE_OBJC_ARC = YES;
				CLANG_WARN_BOOL_CONVERSION = YES;
				CLANG_WARN_CONSTANT_CONVERSION = YES;
				CLANG_WARN_DIRECT_OBJC_ISA_USAGE = YES_ERROR;
				CLANG_WARN_EMPTY_BODY = YES;
				CLANG_WARN_ENUM_CONVERSION = YES;
				CLANG_WARN_INT_CONVERSION = YES;
				CLANG_WARN_OBJC_ROOT_CLASS = YES_ERROR;
				CLANG_WARN_UNREACHABLE_CODE = YES;
				CLANG_WARN__DUPLICATE_METHOD_MATCH = YES;
				"CODE_SIGN_IDENTITY[sdk=iphoneos*]" = "iPhone Developer";
				COPY_PHASE_STRIP = YES;
				ENABLE_NS_ASSERTIONS = NO;
				ENABLE_STRICT_OBJC_MSGSEND = YES;
				GCC_C_LANGUAGE_STANDARD = gnu99;
				GCC_WARN_64_TO_32_BIT_CONVERSION = YES;
				GCC_WARN_ABOUT_RETURN_TYPE = YES_ERROR;
				GCC_WARN_UNDECLARED_SELECTOR = YES;
				GCC_WARN_UNINITIALIZED_AUTOS = YES_AGGRESSIVE;
				GCC_WARN_UNUSED_FUNCTION = YES;
				GCC_WARN_UNUSED_VARIABLE = YES;
				IPHONEOS_DEPLOYMENT_TARGET = 8.0;
				MTL_ENABLE_DEBUG_INFO = NO;
				SDKROOT = iphoneos;
				VALIDATE_PRODUCT = YES;
			};
			name = Release;
		};
		1991A9E319D40B65002C648A /* Debug */ = {
			isa = XCBuildConfiguration;
			buildSettings = {
				ASSETCATALOG_COMPILER_APPICON_NAME = AppIcon;
				GCC_PREFIX_HEADER = SPOffers/SPprefixHeader.pch;
				HEADER_SEARCH_PATHS = (
					"$(inherited)",
					/Applications/Xcode.app/Contents/Developer/Toolchains/XcodeDefault.xctoolchain/usr/include,
					/usr/include/libxml2,
				);
				INFOPLIST_FILE = SPOffers/Info.plist;
				LD_RUNPATH_SEARCH_PATHS = "$(inherited) @executable_path/Frameworks";
				ONLY_ACTIVE_ARCH = NO;
				PRODUCT_NAME = "$(TARGET_NAME)";
			};
			name = Debug;
		};
		1991A9E419D40B65002C648A /* Release */ = {
			isa = XCBuildConfiguration;
			buildSettings = {
				ASSETCATALOG_COMPILER_APPICON_NAME = AppIcon;
				GCC_PREFIX_HEADER = SPOffers/SPprefixHeader.pch;
				HEADER_SEARCH_PATHS = (
					"$(inherited)",
					/Applications/Xcode.app/Contents/Developer/Toolchains/XcodeDefault.xctoolchain/usr/include,
					/usr/include/libxml2,
				);
				INFOPLIST_FILE = SPOffers/Info.plist;
				LD_RUNPATH_SEARCH_PATHS = "$(inherited) @executable_path/Frameworks";
				PRODUCT_NAME = "$(TARGET_NAME)";
			};
			name = Release;
		};
		1991A9E619D40B65002C648A /* Debug */ = {
			isa = XCBuildConfiguration;
			buildSettings = {
				BUNDLE_LOADER = "$(TEST_HOST)";
				FRAMEWORK_SEARCH_PATHS = (
					"$(SDKROOT)/Developer/Library/Frameworks",
					"$(inherited)",
				);
				GCC_PREPROCESSOR_DEFINITIONS = (
					"DEBUG=1",
					"$(inherited)",
				);
				INFOPLIST_FILE = SPOffersTests/Info.plist;
				LD_RUNPATH_SEARCH_PATHS = "$(inherited) @executable_path/Frameworks @loader_path/Frameworks";
				PRODUCT_NAME = "$(TARGET_NAME)";
				TEST_HOST = "$(BUILT_PRODUCTS_DIR)/SPOffers.app/SPOffers";
			};
			name = Debug;
		};
		1991A9E719D40B65002C648A /* Release */ = {
			isa = XCBuildConfiguration;
			buildSettings = {
				BUNDLE_LOADER = "$(TEST_HOST)";
				FRAMEWORK_SEARCH_PATHS = (
					"$(SDKROOT)/Developer/Library/Frameworks",
					"$(inherited)",
				);
				INFOPLIST_FILE = SPOffersTests/Info.plist;
				LD_RUNPATH_SEARCH_PATHS = "$(inherited) @executable_path/Frameworks @loader_path/Frameworks";
				PRODUCT_NAME = "$(TARGET_NAME)";
				TEST_HOST = "$(BUILT_PRODUCTS_DIR)/SPOffers.app/SPOffers";
			};
			name = Release;
		};
/* End XCBuildConfiguration section */

/* Begin XCConfigurationList section */
		1991A9BA19D40B64002C648A /* Build configuration list for PBXProject "SPOffers" */ = {
			isa = XCConfigurationList;
			buildConfigurations = (
				1991A9E019D40B65002C648A /* Debug */,
				1991A9E119D40B65002C648A /* Release */,
			);
			defaultConfigurationIsVisible = 0;
			defaultConfigurationName = Release;
		};
		1991A9E219D40B65002C648A /* Build configuration list for PBXNativeTarget "SPOffers" */ = {
			isa = XCConfigurationList;
			buildConfigurations = (
				1991A9E319D40B65002C648A /* Debug */,
				1991A9E419D40B65002C648A /* Release */,
			);
			defaultConfigurationIsVisible = 0;
			defaultConfigurationName = Release;
		};
		1991A9E519D40B65002C648A /* Build configuration list for PBXNativeTarget "SPOffersTests" */ = {
			isa = XCConfigurationList;
			buildConfigurations = (
				1991A9E619D40B65002C648A /* Debug */,
				1991A9E719D40B65002C648A /* Release */,
			);
			defaultConfigurationIsVisible = 0;
			defaultConfigurationName = Release;
		};
/* End XCConfigurationList section */
	};
	rootObject = 1991A9B719D40B64002C648A /* Project object */;
}
